// !$*UTF8*$!
{
	archiveVersion = 1;
	classes = {
	};
	objectVersion = 52;
	objects = {

/* Begin PBXBuildFile section */
		560E9FA123D5DB5100A12CF5 /* AppDelegate.swift in Sources */ = {isa = PBXBuildFile; fileRef = 560E9FA023D5DB5100A12CF5 /* AppDelegate.swift */; };
		560E9FA323D5DB5100A12CF5 /* SceneDelegate.swift in Sources */ = {isa = PBXBuildFile; fileRef = 560E9FA223D5DB5100A12CF5 /* SceneDelegate.swift */; };
		560E9FA623D5DB5100A12CF5 /* Makerlog.xcdatamodeld in Sources */ = {isa = PBXBuildFile; fileRef = 560E9FA423D5DB5100A12CF5 /* Makerlog.xcdatamodeld */; };
		560E9FA823D5DB5100A12CF5 /* LogFeedView.swift in Sources */ = {isa = PBXBuildFile; fileRef = 560E9FA723D5DB5100A12CF5 /* LogFeedView.swift */; };
		560E9FAA23D5DB5500A12CF5 /* Assets.xcassets in Resources */ = {isa = PBXBuildFile; fileRef = 560E9FA923D5DB5500A12CF5 /* Assets.xcassets */; };
		560E9FAD23D5DB5500A12CF5 /* Preview Assets.xcassets in Resources */ = {isa = PBXBuildFile; fileRef = 560E9FAC23D5DB5500A12CF5 /* Preview Assets.xcassets */; };
		560E9FB023D5DB5600A12CF5 /* LaunchScreen.storyboard in Resources */ = {isa = PBXBuildFile; fileRef = 560E9FAE23D5DB5600A12CF5 /* LaunchScreen.storyboard */; };
		560E9FBB23D5DB5600A12CF5 /* MakerlogTests.swift in Sources */ = {isa = PBXBuildFile; fileRef = 560E9FBA23D5DB5600A12CF5 /* MakerlogTests.swift */; };
		560E9FC623D5DB5600A12CF5 /* MakerlogUITests.swift in Sources */ = {isa = PBXBuildFile; fileRef = 560E9FC523D5DB5600A12CF5 /* MakerlogUITests.swift */; };
		560E9FD423D5F23500A12CF5 /* resultStruct.swift in Sources */ = {isa = PBXBuildFile; fileRef = 560E9FD323D5F23500A12CF5 /* resultStruct.swift */; };
		561A48CF23E185FE0077A1D2 /* pulltorefresh.swift in Sources */ = {isa = PBXBuildFile; fileRef = 561A48CE23E185FE0077A1D2 /* pulltorefresh.swift */; };
		561A48D223E1CADC0077A1D2 /* KeychainSwift in Frameworks */ = {isa = PBXBuildFile; productRef = 561A48D123E1CADC0077A1D2 /* KeychainSwift */; };
		561A48DC23E31A990077A1D2 /* BulletinBoard.swift in Sources */ = {isa = PBXBuildFile; fileRef = 561A48DA23E31A990077A1D2 /* BulletinBoard.swift */; };
		56682BCF23E5C88000EF2C5B /* logFeedItem.swift in Sources */ = {isa = PBXBuildFile; fileRef = 56682BCE23E5C88000EF2C5B /* logFeedItem.swift */; };
		56682BD223E610D700EF2C5B /* UserView.swift in Sources */ = {isa = PBXBuildFile; fileRef = 56682BD123E610D700EF2C5B /* UserView.swift */; };
		566DF0D423DF01E50085C318 /* tabView.swift in Sources */ = {isa = PBXBuildFile; fileRef = 566DF0D323DF01E50085C318 /* tabView.swift */; };
		566F1C6623D73C9A00518FFF /* projectStruct.swift in Sources */ = {isa = PBXBuildFile; fileRef = 566F1C6523D73C9A00518FFF /* projectStruct.swift */; };
		566F1C6823D7511700518FFF /* prductView.swift in Sources */ = {isa = PBXBuildFile; fileRef = 566F1C6723D7511700518FFF /* prductView.swift */; };
		566F1C6A23D7513800518FFF /* ProductViewData.swift in Sources */ = {isa = PBXBuildFile; fileRef = 566F1C6923D7513800518FFF /* ProductViewData.swift */; };
		566F1C7323D7970300518FFF /* commentStruct.swift in Sources */ = {isa = PBXBuildFile; fileRef = 566F1C7223D7970300518FFF /* commentStruct.swift */; };
		566F1C7523D7977700518FFF /* CommentViewData.swift in Sources */ = {isa = PBXBuildFile; fileRef = 566F1C7423D7977700518FFF /* CommentViewData.swift */; };
		566F1C8023D8A59B00518FFF /* LogViewData.swift in Sources */ = {isa = PBXBuildFile; fileRef = 566F1C7F23D8A59B00518FFF /* LogViewData.swift */; };
		566F1C8223D8B99500518FFF /* LoginData.swift in Sources */ = {isa = PBXBuildFile; fileRef = 566F1C8123D8B99500518FFF /* LoginData.swift */; };
		566F1C8423D8BB0800518FFF /* FetchedObjectsViewModel.swift in Sources */ = {isa = PBXBuildFile; fileRef = 566F1C8323D8BB0800518FFF /* FetchedObjectsViewModel.swift */; };
		566F1C8623D8BBC800518FFF /* loginModel.swift in Sources */ = {isa = PBXBuildFile; fileRef = 566F1C8523D8BBC800518FFF /* loginModel.swift */; };
		56AB2B8023E0953200B6B485 /* KeyboardObserving in Frameworks */ = {isa = PBXBuildFile; productRef = 56AB2B7F23E0953200B6B485 /* KeyboardObserving */; };
		56AB2B8323E0959100B6B485 /* URLImage in Frameworks */ = {isa = PBXBuildFile; productRef = 56AB2B8223E0959100B6B485 /* URLImage */; };
		56AB2B8623E095F600B6B485 /* OAuthSwift in Frameworks */ = {isa = PBXBuildFile; productRef = 56AB2B8523E095F600B6B485 /* OAuthSwift */; };
		56C94A8823D6F9AA007840DB /* MakerlogAPI.swift in Sources */ = {isa = PBXBuildFile; fileRef = 56C94A8723D6F9A9007840DB /* MakerlogAPI.swift */; };
		56C94A8C23D6FBF5007840DB /* LogView.swift in Sources */ = {isa = PBXBuildFile; fileRef = 56C94A8B23D6FBF5007840DB /* LogView.swift */; };
		56D2C71523DF4BDB0017A7B4 /* meModel.swift in Sources */ = {isa = PBXBuildFile; fileRef = 56D2C71423DF4BDB0017A7B4 /* meModel.swift */; };
/* End PBXBuildFile section */

/* Begin PBXContainerItemProxy section */
		560E9FB723D5DB5600A12CF5 /* PBXContainerItemProxy */ = {
			isa = PBXContainerItemProxy;
			containerPortal = 560E9F9523D5DB5100A12CF5 /* Project object */;
			proxyType = 1;
			remoteGlobalIDString = 560E9F9C23D5DB5100A12CF5;
			remoteInfo = Makerlog;
		};
		560E9FC223D5DB5600A12CF5 /* PBXContainerItemProxy */ = {
			isa = PBXContainerItemProxy;
			containerPortal = 560E9F9523D5DB5100A12CF5 /* Project object */;
			proxyType = 1;
			remoteGlobalIDString = 560E9F9C23D5DB5100A12CF5;
			remoteInfo = Makerlog;
		};
/* End PBXContainerItemProxy section */

/* Begin PBXFileReference section */
		560E9F9D23D5DB5100A12CF5 /* Makerlog.app */ = {isa = PBXFileReference; explicitFileType = wrapper.application; includeInIndex = 0; path = Makerlog.app; sourceTree = BUILT_PRODUCTS_DIR; };
		560E9FA023D5DB5100A12CF5 /* AppDelegate.swift */ = {isa = PBXFileReference; lastKnownFileType = sourcecode.swift; path = AppDelegate.swift; sourceTree = "<group>"; };
		560E9FA223D5DB5100A12CF5 /* SceneDelegate.swift */ = {isa = PBXFileReference; lastKnownFileType = sourcecode.swift; path = SceneDelegate.swift; sourceTree = "<group>"; };
		560E9FA523D5DB5100A12CF5 /* Makerlog.xcdatamodel */ = {isa = PBXFileReference; lastKnownFileType = wrapper.xcdatamodel; path = Makerlog.xcdatamodel; sourceTree = "<group>"; };
		560E9FA723D5DB5100A12CF5 /* LogFeedView.swift */ = {isa = PBXFileReference; lastKnownFileType = sourcecode.swift; path = LogFeedView.swift; sourceTree = "<group>"; };
		560E9FA923D5DB5500A12CF5 /* Assets.xcassets */ = {isa = PBXFileReference; lastKnownFileType = folder.assetcatalog; path = Assets.xcassets; sourceTree = "<group>"; };
		560E9FAC23D5DB5500A12CF5 /* Preview Assets.xcassets */ = {isa = PBXFileReference; lastKnownFileType = folder.assetcatalog; path = "Preview Assets.xcassets"; sourceTree = "<group>"; };
		560E9FAF23D5DB5600A12CF5 /* Base */ = {isa = PBXFileReference; lastKnownFileType = file.storyboard; name = Base; path = Base.lproj/LaunchScreen.storyboard; sourceTree = "<group>"; };
		560E9FB123D5DB5600A12CF5 /* Info.plist */ = {isa = PBXFileReference; lastKnownFileType = text.plist.xml; path = Info.plist; sourceTree = "<group>"; };
		560E9FB623D5DB5600A12CF5 /* MakerlogTests.xctest */ = {isa = PBXFileReference; explicitFileType = wrapper.cfbundle; includeInIndex = 0; path = MakerlogTests.xctest; sourceTree = BUILT_PRODUCTS_DIR; };
		560E9FBA23D5DB5600A12CF5 /* MakerlogTests.swift */ = {isa = PBXFileReference; lastKnownFileType = sourcecode.swift; path = MakerlogTests.swift; sourceTree = "<group>"; };
		560E9FBC23D5DB5600A12CF5 /* Info.plist */ = {isa = PBXFileReference; lastKnownFileType = text.plist.xml; path = Info.plist; sourceTree = "<group>"; };
		560E9FC123D5DB5600A12CF5 /* MakerlogUITests.xctest */ = {isa = PBXFileReference; explicitFileType = wrapper.cfbundle; includeInIndex = 0; path = MakerlogUITests.xctest; sourceTree = BUILT_PRODUCTS_DIR; };
		560E9FC523D5DB5600A12CF5 /* MakerlogUITests.swift */ = {isa = PBXFileReference; lastKnownFileType = sourcecode.swift; path = MakerlogUITests.swift; sourceTree = "<group>"; };
		560E9FC723D5DB5600A12CF5 /* Info.plist */ = {isa = PBXFileReference; lastKnownFileType = text.plist.xml; path = Info.plist; sourceTree = "<group>"; };
		560E9FD323D5F23500A12CF5 /* resultStruct.swift */ = {isa = PBXFileReference; lastKnownFileType = sourcecode.swift; path = resultStruct.swift; sourceTree = "<group>"; };
		561A48CE23E185FE0077A1D2 /* pulltorefresh.swift */ = {isa = PBXFileReference; lastKnownFileType = sourcecode.swift; path = pulltorefresh.swift; sourceTree = "<group>"; };
		561A48DA23E31A990077A1D2 /* BulletinBoard.swift */ = {isa = PBXFileReference; fileEncoding = 4; lastKnownFileType = sourcecode.swift; path = BulletinBoard.swift; sourceTree = "<group>"; };
		56682BCE23E5C88000EF2C5B /* logFeedItem.swift */ = {isa = PBXFileReference; lastKnownFileType = sourcecode.swift; path = logFeedItem.swift; sourceTree = "<group>"; };
		56682BD123E610D700EF2C5B /* UserView.swift */ = {isa = PBXFileReference; lastKnownFileType = sourcecode.swift; path = UserView.swift; sourceTree = "<group>"; };
		566DF0D323DF01E50085C318 /* tabView.swift */ = {isa = PBXFileReference; lastKnownFileType = sourcecode.swift; path = tabView.swift; sourceTree = "<group>"; };
		566F1C6523D73C9A00518FFF /* projectStruct.swift */ = {isa = PBXFileReference; lastKnownFileType = sourcecode.swift; path = projectStruct.swift; sourceTree = "<group>"; };
		566F1C6723D7511700518FFF /* prductView.swift */ = {isa = PBXFileReference; lastKnownFileType = sourcecode.swift; path = prductView.swift; sourceTree = "<group>"; };
		566F1C6923D7513800518FFF /* ProductViewData.swift */ = {isa = PBXFileReference; lastKnownFileType = sourcecode.swift; path = ProductViewData.swift; sourceTree = "<group>"; };
		566F1C7223D7970300518FFF /* commentStruct.swift */ = {isa = PBXFileReference; lastKnownFileType = sourcecode.swift; path = commentStruct.swift; sourceTree = "<group>"; };
		566F1C7423D7977700518FFF /* CommentViewData.swift */ = {isa = PBXFileReference; lastKnownFileType = sourcecode.swift; path = CommentViewData.swift; sourceTree = "<group>"; };
		566F1C7F23D8A59B00518FFF /* LogViewData.swift */ = {isa = PBXFileReference; fileEncoding = 4; lastKnownFileType = sourcecode.swift; path = LogViewData.swift; sourceTree = "<group>"; };
		566F1C8123D8B99500518FFF /* LoginData.swift */ = {isa = PBXFileReference; lastKnownFileType = sourcecode.swift; path = LoginData.swift; sourceTree = "<group>"; };
		566F1C8323D8BB0800518FFF /* FetchedObjectsViewModel.swift */ = {isa = PBXFileReference; fileEncoding = 4; lastKnownFileType = sourcecode.swift; path = FetchedObjectsViewModel.swift; sourceTree = "<group>"; };
		566F1C8523D8BBC800518FFF /* loginModel.swift */ = {isa = PBXFileReference; lastKnownFileType = sourcecode.swift; path = loginModel.swift; sourceTree = "<group>"; };
		56C94A8723D6F9A9007840DB /* MakerlogAPI.swift */ = {isa = PBXFileReference; lastKnownFileType = sourcecode.swift; path = MakerlogAPI.swift; sourceTree = "<group>"; };
		56C94A8B23D6FBF5007840DB /* LogView.swift */ = {isa = PBXFileReference; lastKnownFileType = sourcecode.swift; path = LogView.swift; sourceTree = "<group>"; };
		56D2C71423DF4BDB0017A7B4 /* meModel.swift */ = {isa = PBXFileReference; lastKnownFileType = sourcecode.swift; path = meModel.swift; sourceTree = "<group>"; };
/* End PBXFileReference section */

/* Begin PBXFrameworksBuildPhase section */
		560E9F9A23D5DB5100A12CF5 /* Frameworks */ = {
			isa = PBXFrameworksBuildPhase;
			buildActionMask = 2147483647;
			files = (
				56AB2B8323E0959100B6B485 /* URLImage in Frameworks */,
				56AB2B8023E0953200B6B485 /* KeyboardObserving in Frameworks */,
				561A48D223E1CADC0077A1D2 /* KeychainSwift in Frameworks */,
				56AB2B8623E095F600B6B485 /* OAuthSwift in Frameworks */,
			);
			runOnlyForDeploymentPostprocessing = 0;
		};
		560E9FB323D5DB5600A12CF5 /* Frameworks */ = {
			isa = PBXFrameworksBuildPhase;
			buildActionMask = 2147483647;
			files = (
			);
			runOnlyForDeploymentPostprocessing = 0;
		};
		560E9FBE23D5DB5600A12CF5 /* Frameworks */ = {
			isa = PBXFrameworksBuildPhase;
			buildActionMask = 2147483647;
			files = (
			);
			runOnlyForDeploymentPostprocessing = 0;
		};
/* End PBXFrameworksBuildPhase section */

/* Begin PBXGroup section */
		560E9F9423D5DB5100A12CF5 = {
			isa = PBXGroup;
			children = (
				560E9F9F23D5DB5100A12CF5 /* Makerlog */,
				560E9FB923D5DB5600A12CF5 /* MakerlogTests */,
				560E9FC423D5DB5600A12CF5 /* MakerlogUITests */,
				560E9F9E23D5DB5100A12CF5 /* Products */,
				5648852823E036A4001E6467 /* Frameworks */,
			);
			sourceTree = "<group>";
		};
		560E9F9E23D5DB5100A12CF5 /* Products */ = {
			isa = PBXGroup;
			children = (
				560E9F9D23D5DB5100A12CF5 /* Makerlog.app */,
				560E9FB623D5DB5600A12CF5 /* MakerlogTests.xctest */,
				560E9FC123D5DB5600A12CF5 /* MakerlogUITests.xctest */,
			);
			name = Products;
			sourceTree = "<group>";
		};
		560E9F9F23D5DB5100A12CF5 /* Makerlog */ = {
			isa = PBXGroup;
			children = (
				56C94A8A23D6FBC4007840DB /* Model */,
				56C94A8623D6F992007840DB /* View Model */,
				56C94A8923D6FBAA007840DB /* View */,
				560E9FA023D5DB5100A12CF5 /* AppDelegate.swift */,
				560E9FA223D5DB5100A12CF5 /* SceneDelegate.swift */,
				560E9FA923D5DB5500A12CF5 /* Assets.xcassets */,
				560E9FAE23D5DB5600A12CF5 /* LaunchScreen.storyboard */,
				560E9FB123D5DB5600A12CF5 /* Info.plist */,
				560E9FA423D5DB5100A12CF5 /* Makerlog.xcdatamodeld */,
				560E9FAB23D5DB5500A12CF5 /* Preview Content */,
			);
			path = Makerlog;
			sourceTree = "<group>";
		};
		560E9FAB23D5DB5500A12CF5 /* Preview Content */ = {
			isa = PBXGroup;
			children = (
				560E9FAC23D5DB5500A12CF5 /* Preview Assets.xcassets */,
			);
			path = "Preview Content";
			sourceTree = "<group>";
		};
		560E9FB923D5DB5600A12CF5 /* MakerlogTests */ = {
			isa = PBXGroup;
			children = (
				560E9FBA23D5DB5600A12CF5 /* MakerlogTests.swift */,
				560E9FBC23D5DB5600A12CF5 /* Info.plist */,
			);
			path = MakerlogTests;
			sourceTree = "<group>";
		};
		560E9FC423D5DB5600A12CF5 /* MakerlogUITests */ = {
			isa = PBXGroup;
			children = (
				560E9FC523D5DB5600A12CF5 /* MakerlogUITests.swift */,
				560E9FC723D5DB5600A12CF5 /* Info.plist */,
			);
			path = MakerlogUITests;
			sourceTree = "<group>";
		};
		561A48D423E317A40077A1D2 /* Main Screens */ = {
			isa = PBXGroup;
			children = (
				560E9FA723D5DB5100A12CF5 /* LogFeedView.swift */,
				56C94A8B23D6FBF5007840DB /* LogView.swift */,
				56682BD123E610D700EF2C5B /* UserView.swift */,
			);
			path = "Main Screens";
			sourceTree = "<group>";
		};
		561A48D623E317C20077A1D2 /* Components  */ = {
			isa = PBXGroup;
			children = (
				56682BD023E610C100EF2C5B /* userView */,
				56682BCD23E5C84C00EF2C5B /* logFeedView */,
				561A48D723E317CD0077A1D2 /* logScreen */,
			);
			path = "Components ";
			sourceTree = "<group>";
		};
		561A48D723E317CD0077A1D2 /* logScreen */ = {
			isa = PBXGroup;
			children = (
				566F1C6723D7511700518FFF /* prductView.swift */,
			);
			path = logScreen;
			sourceTree = "<group>";
		};
		5648852823E036A4001E6467 /* Frameworks */ = {
			isa = PBXGroup;
			children = (
				561A48DA23E31A990077A1D2 /* BulletinBoard.swift */,
				561A48CE23E185FE0077A1D2 /* pulltorefresh.swift */,
			);
			name = Frameworks;
			sourceTree = "<group>";
		};
		56682BCD23E5C84C00EF2C5B /* logFeedView */ = {
			isa = PBXGroup;
			children = (
				56682BCE23E5C88000EF2C5B /* logFeedItem.swift */,
			);
			path = logFeedView;
			sourceTree = "<group>";
		};
		56682BD023E610C100EF2C5B /* userView */ = {
			isa = PBXGroup;
			children = (
			);
			path = userView;
			sourceTree = "<group>";
		};
		56C94A8623D6F992007840DB /* View Model */ = {
			isa = PBXGroup;
			children = (
				566F1C8123D8B99500518FFF /* LoginData.swift */,
				566F1C7F23D8A59B00518FFF /* LogViewData.swift */,
				566F1C6923D7513800518FFF /* ProductViewData.swift */,
				56C94A8723D6F9A9007840DB /* MakerlogAPI.swift */,
				566F1C7423D7977700518FFF /* CommentViewData.swift */,
			);
			path = "View Model";
			sourceTree = "<group>";
		};
		56C94A8923D6FBAA007840DB /* View */ = {
			isa = PBXGroup;
			children = (
				561A48D623E317C20077A1D2 /* Components  */,
				561A48D423E317A40077A1D2 /* Main Screens */,
				566DF0D323DF01E50085C318 /* tabView.swift */,
			);
			path = View;
			sourceTree = "<group>";
		};
		56C94A8A23D6FBC4007840DB /* Model */ = {
			isa = PBXGroup;
			children = (
				560E9FD323D5F23500A12CF5 /* resultStruct.swift */,
				566F1C6523D73C9A00518FFF /* projectStruct.swift */,
				566F1C8323D8BB0800518FFF /* FetchedObjectsViewModel.swift */,
				566F1C7223D7970300518FFF /* commentStruct.swift */,
				566F1C8523D8BBC800518FFF /* loginModel.swift */,
				56D2C71423DF4BDB0017A7B4 /* meModel.swift */,
			);
			path = Model;
			sourceTree = "<group>";
		};
/* End PBXGroup section */

/* Begin PBXNativeTarget section */
		560E9F9C23D5DB5100A12CF5 /* Makerlog */ = {
			isa = PBXNativeTarget;
			buildConfigurationList = 560E9FCA23D5DB5600A12CF5 /* Build configuration list for PBXNativeTarget "Makerlog" */;
			buildPhases = (
				560E9F9923D5DB5100A12CF5 /* Sources */,
				560E9F9A23D5DB5100A12CF5 /* Frameworks */,
				560E9F9B23D5DB5100A12CF5 /* Resources */,
				56682BD323E613E600EF2C5B /* ShellScript */,
			);
			buildRules = (
			);
			dependencies = (
			);
			name = Makerlog;
			packageProductDependencies = (
				56AB2B7F23E0953200B6B485 /* KeyboardObserving */,
				56AB2B8223E0959100B6B485 /* URLImage */,
				56AB2B8523E095F600B6B485 /* OAuthSwift */,
				561A48D123E1CADC0077A1D2 /* KeychainSwift */,
			);
			productName = Makerlog;
			productReference = 560E9F9D23D5DB5100A12CF5 /* Makerlog.app */;
			productType = "com.apple.product-type.application";
		};
		560E9FB523D5DB5600A12CF5 /* MakerlogTests */ = {
			isa = PBXNativeTarget;
			buildConfigurationList = 560E9FCD23D5DB5600A12CF5 /* Build configuration list for PBXNativeTarget "MakerlogTests" */;
			buildPhases = (
				560E9FB223D5DB5600A12CF5 /* Sources */,
				560E9FB323D5DB5600A12CF5 /* Frameworks */,
				560E9FB423D5DB5600A12CF5 /* Resources */,
			);
			buildRules = (
			);
			dependencies = (
				560E9FB823D5DB5600A12CF5 /* PBXTargetDependency */,
			);
			name = MakerlogTests;
			productName = MakerlogTests;
			productReference = 560E9FB623D5DB5600A12CF5 /* MakerlogTests.xctest */;
			productType = "com.apple.product-type.bundle.unit-test";
		};
		560E9FC023D5DB5600A12CF5 /* MakerlogUITests */ = {
			isa = PBXNativeTarget;
			buildConfigurationList = 560E9FD023D5DB5600A12CF5 /* Build configuration list for PBXNativeTarget "MakerlogUITests" */;
			buildPhases = (
				560E9FBD23D5DB5600A12CF5 /* Sources */,
				560E9FBE23D5DB5600A12CF5 /* Frameworks */,
				560E9FBF23D5DB5600A12CF5 /* Resources */,
			);
			buildRules = (
			);
			dependencies = (
				560E9FC323D5DB5600A12CF5 /* PBXTargetDependency */,
			);
			name = MakerlogUITests;
			productName = MakerlogUITests;
			productReference = 560E9FC123D5DB5600A12CF5 /* MakerlogUITests.xctest */;
			productType = "com.apple.product-type.bundle.ui-testing";
		};
/* End PBXNativeTarget section */

/* Begin PBXProject section */
		560E9F9523D5DB5100A12CF5 /* Project object */ = {
			isa = PBXProject;
			attributes = {
				LastSwiftUpdateCheck = 1130;
				LastUpgradeCheck = 1130;
				ORGANIZATIONNAME = "Veit Progl";
				TargetAttributes = {
					560E9F9C23D5DB5100A12CF5 = {
						CreatedOnToolsVersion = 11.3;
					};
					560E9FB523D5DB5600A12CF5 = {
						CreatedOnToolsVersion = 11.3;
						TestTargetID = 560E9F9C23D5DB5100A12CF5;
					};
					560E9FC023D5DB5600A12CF5 = {
						CreatedOnToolsVersion = 11.3;
						TestTargetID = 560E9F9C23D5DB5100A12CF5;
					};
				};
			};
			buildConfigurationList = 560E9F9823D5DB5100A12CF5 /* Build configuration list for PBXProject "Makerlog" */;
			compatibilityVersion = "Xcode 9.3";
			developmentRegion = en;
			hasScannedForEncodings = 0;
			knownRegions = (
				en,
				Base,
			);
			mainGroup = 560E9F9423D5DB5100A12CF5;
			packageReferences = (
				56AB2B7E23E0953200B6B485 /* XCRemoteSwiftPackageReference "KeyboardObserving" */,
				56AB2B8123E0959100B6B485 /* XCRemoteSwiftPackageReference "url-image" */,
				56AB2B8423E095F600B6B485 /* XCRemoteSwiftPackageReference "OAuthSwift" */,
				561A48D023E1CADC0077A1D2 /* XCRemoteSwiftPackageReference "keychain-swift" */,
			);
			productRefGroup = 560E9F9E23D5DB5100A12CF5 /* Products */;
			projectDirPath = "";
			projectRoot = "";
			targets = (
				560E9F9C23D5DB5100A12CF5 /* Makerlog */,
				560E9FB523D5DB5600A12CF5 /* MakerlogTests */,
				560E9FC023D5DB5600A12CF5 /* MakerlogUITests */,
			);
		};
/* End PBXProject section */

/* Begin PBXResourcesBuildPhase section */
		560E9F9B23D5DB5100A12CF5 /* Resources */ = {
			isa = PBXResourcesBuildPhase;
			buildActionMask = 2147483647;
			files = (
				560E9FB023D5DB5600A12CF5 /* LaunchScreen.storyboard in Resources */,
				560E9FAD23D5DB5500A12CF5 /* Preview Assets.xcassets in Resources */,
				560E9FAA23D5DB5500A12CF5 /* Assets.xcassets in Resources */,
			);
			runOnlyForDeploymentPostprocessing = 0;
		};
		560E9FB423D5DB5600A12CF5 /* Resources */ = {
			isa = PBXResourcesBuildPhase;
			buildActionMask = 2147483647;
			files = (
			);
			runOnlyForDeploymentPostprocessing = 0;
		};
		560E9FBF23D5DB5600A12CF5 /* Resources */ = {
			isa = PBXResourcesBuildPhase;
			buildActionMask = 2147483647;
			files = (
			);
			runOnlyForDeploymentPostprocessing = 0;
		};
/* End PBXResourcesBuildPhase section */

/* Begin PBXShellScriptBuildPhase section */
		56682BD323E613E600EF2C5B /* ShellScript */ = {
			isa = PBXShellScriptBuildPhase;
			buildActionMask = 2147483647;
			files = (
			);
			inputFileListPaths = (
			);
			inputPaths = (
			);
			outputFileListPaths = (
			);
			outputPaths = (
			);
			runOnlyForDeploymentPostprocessing = 0;
			shellPath = /bin/sh;
			shellScript = "# Type a script or drag a script file from your workspace to insert its path.\nif which swiftlint >/dev/null; then\n  swiftlint\nelse\n  echo \"warning: SwiftLint not installed, download from https://github.com/realm/SwiftLint\"\nfi\n";
		};
/* End PBXShellScriptBuildPhase section */

/* Begin PBXSourcesBuildPhase section */
		560E9F9923D5DB5100A12CF5 /* Sources */ = {
			isa = PBXSourcesBuildPhase;
			buildActionMask = 2147483647;
			files = (
				566F1C8223D8B99500518FFF /* LoginData.swift in Sources */,
				566F1C8423D8BB0800518FFF /* FetchedObjectsViewModel.swift in Sources */,
				566F1C7523D7977700518FFF /* CommentViewData.swift in Sources */,
				56C94A8823D6F9AA007840DB /* MakerlogAPI.swift in Sources */,
				566F1C8023D8A59B00518FFF /* LogViewData.swift in Sources */,
				560E9FA623D5DB5100A12CF5 /* Makerlog.xcdatamodeld in Sources */,
				561A48DC23E31A990077A1D2 /* BulletinBoard.swift in Sources */,
				560E9FA123D5DB5100A12CF5 /* AppDelegate.swift in Sources */,
				566F1C6823D7511700518FFF /* prductView.swift in Sources */,
				566F1C6623D73C9A00518FFF /* projectStruct.swift in Sources */,
				561A48CF23E185FE0077A1D2 /* pulltorefresh.swift in Sources */,
				56D2C71523DF4BDB0017A7B4 /* meModel.swift in Sources */,
				560E9FD423D5F23500A12CF5 /* resultStruct.swift in Sources */,
				56682BD223E610D700EF2C5B /* UserView.swift in Sources */,
				566DF0D423DF01E50085C318 /* tabView.swift in Sources */,
				566F1C7323D7970300518FFF /* commentStruct.swift in Sources */,
				56682BCF23E5C88000EF2C5B /* logFeedItem.swift in Sources */,
				560E9FA823D5DB5100A12CF5 /* LogFeedView.swift in Sources */,
				560E9FA323D5DB5100A12CF5 /* SceneDelegate.swift in Sources */,
				566F1C6A23D7513800518FFF /* ProductViewData.swift in Sources */,
				56C94A8C23D6FBF5007840DB /* LogView.swift in Sources */,
				566F1C8623D8BBC800518FFF /* loginModel.swift in Sources */,
			);
			runOnlyForDeploymentPostprocessing = 0;
		};
		560E9FB223D5DB5600A12CF5 /* Sources */ = {
			isa = PBXSourcesBuildPhase;
			buildActionMask = 2147483647;
			files = (
				560E9FBB23D5DB5600A12CF5 /* MakerlogTests.swift in Sources */,
			);
			runOnlyForDeploymentPostprocessing = 0;
		};
		560E9FBD23D5DB5600A12CF5 /* Sources */ = {
			isa = PBXSourcesBuildPhase;
			buildActionMask = 2147483647;
			files = (
				560E9FC623D5DB5600A12CF5 /* MakerlogUITests.swift in Sources */,
			);
			runOnlyForDeploymentPostprocessing = 0;
		};
/* End PBXSourcesBuildPhase section */

/* Begin PBXTargetDependency section */
		560E9FB823D5DB5600A12CF5 /* PBXTargetDependency */ = {
			isa = PBXTargetDependency;
			target = 560E9F9C23D5DB5100A12CF5 /* Makerlog */;
			targetProxy = 560E9FB723D5DB5600A12CF5 /* PBXContainerItemProxy */;
		};
		560E9FC323D5DB5600A12CF5 /* PBXTargetDependency */ = {
			isa = PBXTargetDependency;
			target = 560E9F9C23D5DB5100A12CF5 /* Makerlog */;
			targetProxy = 560E9FC223D5DB5600A12CF5 /* PBXContainerItemProxy */;
		};
/* End PBXTargetDependency section */

/* Begin PBXVariantGroup section */
		560E9FAE23D5DB5600A12CF5 /* LaunchScreen.storyboard */ = {
			isa = PBXVariantGroup;
			children = (
				560E9FAF23D5DB5600A12CF5 /* Base */,
			);
			name = LaunchScreen.storyboard;
			sourceTree = "<group>";
		};
/* End PBXVariantGroup section */

/* Begin XCBuildConfiguration section */
		560E9FC823D5DB5600A12CF5 /* Debug */ = {
			isa = XCBuildConfiguration;
			buildSettings = {
				ALWAYS_SEARCH_USER_PATHS = NO;
				CLANG_ANALYZER_NONNULL = YES;
				CLANG_ANALYZER_NUMBER_OBJECT_CONVERSION = YES_AGGRESSIVE;
				CLANG_CXX_LANGUAGE_STANDARD = "gnu++14";
				CLANG_CXX_LIBRARY = "libc++";
				CLANG_ENABLE_MODULES = YES;
				CLANG_ENABLE_OBJC_ARC = YES;
				CLANG_ENABLE_OBJC_WEAK = YES;
				CLANG_WARN_BLOCK_CAPTURE_AUTORELEASING = YES;
				CLANG_WARN_BOOL_CONVERSION = YES;
				CLANG_WARN_COMMA = YES;
				CLANG_WARN_CONSTANT_CONVERSION = YES;
				CLANG_WARN_DEPRECATED_OBJC_IMPLEMENTATIONS = YES;
				CLANG_WARN_DIRECT_OBJC_ISA_USAGE = YES_ERROR;
				CLANG_WARN_DOCUMENTATION_COMMENTS = YES;
				CLANG_WARN_EMPTY_BODY = YES;
				CLANG_WARN_ENUM_CONVERSION = YES;
				CLANG_WARN_INFINITE_RECURSION = YES;
				CLANG_WARN_INT_CONVERSION = YES;
				CLANG_WARN_NON_LITERAL_NULL_CONVERSION = YES;
				CLANG_WARN_OBJC_IMPLICIT_RETAIN_SELF = YES;
				CLANG_WARN_OBJC_LITERAL_CONVERSION = YES;
				CLANG_WARN_OBJC_ROOT_CLASS = YES_ERROR;
				CLANG_WARN_RANGE_LOOP_ANALYSIS = YES;
				CLANG_WARN_STRICT_PROTOTYPES = YES;
				CLANG_WARN_SUSPICIOUS_MOVE = YES;
				CLANG_WARN_UNGUARDED_AVAILABILITY = YES_AGGRESSIVE;
				CLANG_WARN_UNREACHABLE_CODE = YES;
				CLANG_WARN__DUPLICATE_METHOD_MATCH = YES;
				COPY_PHASE_STRIP = NO;
				DEBUG_INFORMATION_FORMAT = dwarf;
				ENABLE_STRICT_OBJC_MSGSEND = YES;
				ENABLE_TESTABILITY = YES;
				GCC_C_LANGUAGE_STANDARD = gnu11;
				GCC_DYNAMIC_NO_PIC = NO;
				GCC_NO_COMMON_BLOCKS = YES;
				GCC_OPTIMIZATION_LEVEL = 0;
				GCC_PREPROCESSOR_DEFINITIONS = (
					"DEBUG=1",
					"$(inherited)",
				);
				GCC_WARN_64_TO_32_BIT_CONVERSION = YES;
				GCC_WARN_ABOUT_RETURN_TYPE = YES_ERROR;
				GCC_WARN_UNDECLARED_SELECTOR = YES;
				GCC_WARN_UNINITIALIZED_AUTOS = YES_AGGRESSIVE;
				GCC_WARN_UNUSED_FUNCTION = YES;
				GCC_WARN_UNUSED_VARIABLE = YES;
				IPHONEOS_DEPLOYMENT_TARGET = 13.0;
				MTL_ENABLE_DEBUG_INFO = INCLUDE_SOURCE;
				MTL_FAST_MATH = YES;
				ONLY_ACTIVE_ARCH = YES;
				SDKROOT = iphoneos;
				SWIFT_ACTIVE_COMPILATION_CONDITIONS = DEBUG;
				SWIFT_OPTIMIZATION_LEVEL = "-Onone";
			};
			name = Debug;
		};
		560E9FC923D5DB5600A12CF5 /* Release */ = {
			isa = XCBuildConfiguration;
			buildSettings = {
				ALWAYS_SEARCH_USER_PATHS = NO;
				CLANG_ANALYZER_NONNULL = YES;
				CLANG_ANALYZER_NUMBER_OBJECT_CONVERSION = YES_AGGRESSIVE;
				CLANG_CXX_LANGUAGE_STANDARD = "gnu++14";
				CLANG_CXX_LIBRARY = "libc++";
				CLANG_ENABLE_MODULES = YES;
				CLANG_ENABLE_OBJC_ARC = YES;
				CLANG_ENABLE_OBJC_WEAK = YES;
				CLANG_WARN_BLOCK_CAPTURE_AUTORELEASING = YES;
				CLANG_WARN_BOOL_CONVERSION = YES;
				CLANG_WARN_COMMA = YES;
				CLANG_WARN_CONSTANT_CONVERSION = YES;
				CLANG_WARN_DEPRECATED_OBJC_IMPLEMENTATIONS = YES;
				CLANG_WARN_DIRECT_OBJC_ISA_USAGE = YES_ERROR;
				CLANG_WARN_DOCUMENTATION_COMMENTS = YES;
				CLANG_WARN_EMPTY_BODY = YES;
				CLANG_WARN_ENUM_CONVERSION = YES;
				CLANG_WARN_INFINITE_RECURSION = YES;
				CLANG_WARN_INT_CONVERSION = YES;
				CLANG_WARN_NON_LITERAL_NULL_CONVERSION = YES;
				CLANG_WARN_OBJC_IMPLICIT_RETAIN_SELF = YES;
				CLANG_WARN_OBJC_LITERAL_CONVERSION = YES;
				CLANG_WARN_OBJC_ROOT_CLASS = YES_ERROR;
				CLANG_WARN_RANGE_LOOP_ANALYSIS = YES;
				CLANG_WARN_STRICT_PROTOTYPES = YES;
				CLANG_WARN_SUSPICIOUS_MOVE = YES;
				CLANG_WARN_UNGUARDED_AVAILABILITY = YES_AGGRESSIVE;
				CLANG_WARN_UNREACHABLE_CODE = YES;
				CLANG_WARN__DUPLICATE_METHOD_MATCH = YES;
				COPY_PHASE_STRIP = NO;
				DEBUG_INFORMATION_FORMAT = "dwarf-with-dsym";
				ENABLE_NS_ASSERTIONS = NO;
				ENABLE_STRICT_OBJC_MSGSEND = YES;
				GCC_C_LANGUAGE_STANDARD = gnu11;
				GCC_NO_COMMON_BLOCKS = YES;
				GCC_WARN_64_TO_32_BIT_CONVERSION = YES;
				GCC_WARN_ABOUT_RETURN_TYPE = YES_ERROR;
				GCC_WARN_UNDECLARED_SELECTOR = YES;
				GCC_WARN_UNINITIALIZED_AUTOS = YES_AGGRESSIVE;
				GCC_WARN_UNUSED_FUNCTION = YES;
				GCC_WARN_UNUSED_VARIABLE = YES;
				IPHONEOS_DEPLOYMENT_TARGET = 13.0;
				MTL_ENABLE_DEBUG_INFO = NO;
				MTL_FAST_MATH = YES;
				SDKROOT = iphoneos;
				SWIFT_COMPILATION_MODE = wholemodule;
				SWIFT_OPTIMIZATION_LEVEL = "-O";
				VALIDATE_PRODUCT = YES;
			};
			name = Release;
		};
		560E9FCB23D5DB5600A12CF5 /* Debug */ = {
			isa = XCBuildConfiguration;
			buildSettings = {
				ASSETCATALOG_COMPILER_APPICON_NAME = AppIcon;
				CODE_SIGN_STYLE = Automatic;
				DEVELOPMENT_ASSET_PATHS = "\"Makerlog/Preview Content\"";
				DEVELOPMENT_TEAM = 7RPD69GC7T;
				ENABLE_PREVIEWS = YES;
				INFOPLIST_FILE = Makerlog/Info.plist;
				LD_RUNPATH_SEARCH_PATHS = (
					"$(inherited)",
					"@executable_path/Frameworks",
				);
				PRODUCT_BUNDLE_IDENTIFIER = veit.dev.Makerlog;
				PRODUCT_NAME = "$(TARGET_NAME)";
				SWIFT_VERSION = 5.0;
				TARGETED_DEVICE_FAMILY = "1,2";
			};
			name = Debug;
		};
		560E9FCC23D5DB5600A12CF5 /* Release */ = {
			isa = XCBuildConfiguration;
			buildSettings = {
				ASSETCATALOG_COMPILER_APPICON_NAME = AppIcon;
				CODE_SIGN_STYLE = Automatic;
				DEVELOPMENT_ASSET_PATHS = "\"Makerlog/Preview Content\"";
				DEVELOPMENT_TEAM = 7RPD69GC7T;
				ENABLE_PREVIEWS = YES;
				INFOPLIST_FILE = Makerlog/Info.plist;
				LD_RUNPATH_SEARCH_PATHS = (
					"$(inherited)",
					"@executable_path/Frameworks",
				);
				PRODUCT_BUNDLE_IDENTIFIER = veit.dev.Makerlog;
				PRODUCT_NAME = "$(TARGET_NAME)";
				SWIFT_VERSION = 5.0;
				TARGETED_DEVICE_FAMILY = "1,2";
			};
			name = Release;
		};
		560E9FCE23D5DB5600A12CF5 /* Debug */ = {
			isa = XCBuildConfiguration;
			buildSettings = {
				ALWAYS_EMBED_SWIFT_STANDARD_LIBRARIES = YES;
				BUNDLE_LOADER = "$(TEST_HOST)";
				CODE_SIGN_STYLE = Automatic;
				INFOPLIST_FILE = MakerlogTests/Info.plist;
				IPHONEOS_DEPLOYMENT_TARGET = 13.2;
				LD_RUNPATH_SEARCH_PATHS = (
					"$(inherited)",
					"@executable_path/Frameworks",
					"@loader_path/Frameworks",
				);
				PRODUCT_BUNDLE_IDENTIFIER = veit.dev.MakerlogTests;
				PRODUCT_NAME = "$(TARGET_NAME)";
				SWIFT_VERSION = 5.0;
				TARGETED_DEVICE_FAMILY = "1,2";
				TEST_HOST = "$(BUILT_PRODUCTS_DIR)/Makerlog.app/Makerlog";
			};
			name = Debug;
		};
		560E9FCF23D5DB5600A12CF5 /* Release */ = {
			isa = XCBuildConfiguration;
			buildSettings = {
				ALWAYS_EMBED_SWIFT_STANDARD_LIBRARIES = YES;
				BUNDLE_LOADER = "$(TEST_HOST)";
				CODE_SIGN_STYLE = Automatic;
				INFOPLIST_FILE = MakerlogTests/Info.plist;
				IPHONEOS_DEPLOYMENT_TARGET = 13.2;
				LD_RUNPATH_SEARCH_PATHS = (
					"$(inherited)",
					"@executable_path/Frameworks",
					"@loader_path/Frameworks",
				);
				PRODUCT_BUNDLE_IDENTIFIER = veit.dev.MakerlogTests;
				PRODUCT_NAME = "$(TARGET_NAME)";
				SWIFT_VERSION = 5.0;
				TARGETED_DEVICE_FAMILY = "1,2";
				TEST_HOST = "$(BUILT_PRODUCTS_DIR)/Makerlog.app/Makerlog";
			};
			name = Release;
		};
		560E9FD123D5DB5600A12CF5 /* Debug */ = {
			isa = XCBuildConfiguration;
			buildSettings = {
				ALWAYS_EMBED_SWIFT_STANDARD_LIBRARIES = YES;
				CODE_SIGN_STYLE = Automatic;
				INFOPLIST_FILE = MakerlogUITests/Info.plist;
				LD_RUNPATH_SEARCH_PATHS = (
					"$(inherited)",
					"@executable_path/Frameworks",
					"@loader_path/Frameworks",
				);
				PRODUCT_BUNDLE_IDENTIFIER = veit.dev.MakerlogUITests;
				PRODUCT_NAME = "$(TARGET_NAME)";
				SWIFT_VERSION = 5.0;
				TARGETED_DEVICE_FAMILY = "1,2";
				TEST_TARGET_NAME = Makerlog;
			};
			name = Debug;
		};
		560E9FD223D5DB5600A12CF5 /* Release */ = {
			isa = XCBuildConfiguration;
			buildSettings = {
				ALWAYS_EMBED_SWIFT_STANDARD_LIBRARIES = YES;
				CODE_SIGN_STYLE = Automatic;
				INFOPLIST_FILE = MakerlogUITests/Info.plist;
				LD_RUNPATH_SEARCH_PATHS = (
					"$(inherited)",
					"@executable_path/Frameworks",
					"@loader_path/Frameworks",
				);
				PRODUCT_BUNDLE_IDENTIFIER = veit.dev.MakerlogUITests;
				PRODUCT_NAME = "$(TARGET_NAME)";
				SWIFT_VERSION = 5.0;
				TARGETED_DEVICE_FAMILY = "1,2";
				TEST_TARGET_NAME = Makerlog;
			};
			name = Release;
		};
/* End XCBuildConfiguration section */

/* Begin XCConfigurationList section */
		560E9F9823D5DB5100A12CF5 /* Build configuration list for PBXProject "Makerlog" */ = {
			isa = XCConfigurationList;
			buildConfigurations = (
				560E9FC823D5DB5600A12CF5 /* Debug */,
				560E9FC923D5DB5600A12CF5 /* Release */,
			);
			defaultConfigurationIsVisible = 0;
			defaultConfigurationName = Release;
		};
		560E9FCA23D5DB5600A12CF5 /* Build configuration list for PBXNativeTarget "Makerlog" */ = {
			isa = XCConfigurationList;
			buildConfigurations = (
				560E9FCB23D5DB5600A12CF5 /* Debug */,
				560E9FCC23D5DB5600A12CF5 /* Release */,
			);
			defaultConfigurationIsVisible = 0;
			defaultConfigurationName = Release;
		};
		560E9FCD23D5DB5600A12CF5 /* Build configuration list for PBXNativeTarget "MakerlogTests" */ = {
			isa = XCConfigurationList;
			buildConfigurations = (
				560E9FCE23D5DB5600A12CF5 /* Debug */,
				560E9FCF23D5DB5600A12CF5 /* Release */,
			);
			defaultConfigurationIsVisible = 0;
			defaultConfigurationName = Release;
		};
		560E9FD023D5DB5600A12CF5 /* Build configuration list for PBXNativeTarget "MakerlogUITests" */ = {
			isa = XCConfigurationList;
			buildConfigurations = (
				560E9FD123D5DB5600A12CF5 /* Debug */,
				560E9FD223D5DB5600A12CF5 /* Release */,
			);
			defaultConfigurationIsVisible = 0;
			defaultConfigurationName = Release;
		};
/* End XCConfigurationList section */

/* Begin XCRemoteSwiftPackageReference section */
		561A48D023E1CADC0077A1D2 /* XCRemoteSwiftPackageReference "keychain-swift" */ = {
			isa = XCRemoteSwiftPackageReference;
			repositoryURL = "https://github.com/evgenyneu/keychain-swift";
			requirement = {
				kind = upToNextMajorVersion;
				minimumVersion = 19.0.0;
			};
		};
		56AB2B7E23E0953200B6B485 /* XCRemoteSwiftPackageReference "KeyboardObserving" */ = {
			isa = XCRemoteSwiftPackageReference;
			repositoryURL = "https://github.com/nickffox/KeyboardObserving.git";
			requirement = {
				kind = upToNextMajorVersion;
				minimumVersion = 0.2.1;
			};
		};
		56AB2B8123E0959100B6B485 /* XCRemoteSwiftPackageReference "url-image" */ = {
			isa = XCRemoteSwiftPackageReference;
			repositoryURL = "https://github.com/dmytro-anokhin/url-image";
			requirement = {
				kind = upToNextMajorVersion;
				minimumVersion = 0.9.9;
			};
		};
		56AB2B8423E095F600B6B485 /* XCRemoteSwiftPackageReference "OAuthSwift" */ = {
			isa = XCRemoteSwiftPackageReference;
			repositoryURL = "https://github.com/OAuthSwift/OAuthSwift";
			requirement = {
				kind = upToNextMajorVersion;
				minimumVersion = 2.1.0;
			};
		};
/* End XCRemoteSwiftPackageReference section */

/* Begin XCSwiftPackageProductDependency section */
		561A48D123E1CADC0077A1D2 /* KeychainSwift */ = {
			isa = XCSwiftPackageProductDependency;
			package = 561A48D023E1CADC0077A1D2 /* XCRemoteSwiftPackageReference "keychain-swift" */;
			productName = KeychainSwift;
		};
		56AB2B7F23E0953200B6B485 /* KeyboardObserving */ = {
			isa = XCSwiftPackageProductDependency;
			package = 56AB2B7E23E0953200B6B485 /* XCRemoteSwiftPackageReference "KeyboardObserving" */;
			productName = KeyboardObserving;
		};
		56AB2B8223E0959100B6B485 /* URLImage */ = {
			isa = XCSwiftPackageProductDependency;
			package = 56AB2B8123E0959100B6B485 /* XCRemoteSwiftPackageReference "url-image" */;
			productName = URLImage;
		};
		56AB2B8523E095F600B6B485 /* OAuthSwift */ = {
			isa = XCSwiftPackageProductDependency;
			package = 56AB2B8423E095F600B6B485 /* XCRemoteSwiftPackageReference "OAuthSwift" */;
			productName = OAuthSwift;
		};
/* End XCSwiftPackageProductDependency section */

/* Begin XCVersionGroup section */
		560E9FA423D5DB5100A12CF5 /* Makerlog.xcdatamodeld */ = {
			isa = XCVersionGroup;
			children = (
				560E9FA523D5DB5100A12CF5 /* Makerlog.xcdatamodel */,
			);
			currentVersion = 560E9FA523D5DB5100A12CF5 /* Makerlog.xcdatamodel */;
			path = Makerlog.xcdatamodeld;
			sourceTree = "<group>";
			versionGroupType = wrapper.xcdatamodel;
		};
/* End XCVersionGroup section */
	};
	rootObject = 560E9F9523D5DB5100A12CF5 /* Project object */;
}
