// !$*UTF8*$!
{
	archiveVersion = 1;
	classes = {
	};
	objectVersion = 52;
	objects = {

/* Begin PBXBuildFile section */
		5603487F24068AF40089FECD /* Products.swift in Sources */ = {isa = PBXBuildFile; fileRef = 5603487E24068AF40089FECD /* Products.swift */; };
		56034884240690D10089FECD /* ReplayView.swift in Sources */ = {isa = PBXBuildFile; fileRef = 56034883240690D10089FECD /* ReplayView.swift */; };
		56034887240691890089FECD /* AddDiscussionView.swift in Sources */ = {isa = PBXBuildFile; fileRef = 56034886240691890089FECD /* AddDiscussionView.swift */; };
		56045170244C6D0E005C7FCF /* ContactScreen.swift in Sources */ = {isa = PBXBuildFile; fileRef = 5604516F244C6D0E005C7FCF /* ContactScreen.swift */; };
		5605C91C24156C37009CB030 /* DiscussionSocket.swift in Sources */ = {isa = PBXBuildFile; fileRef = 5605C91B24156C37009CB030 /* DiscussionSocket.swift */; };
		560E9FA123D5DB5100A12CF5 /* AppDelegate.swift in Sources */ = {isa = PBXBuildFile; fileRef = 560E9FA023D5DB5100A12CF5 /* AppDelegate.swift */; };
		560E9FA323D5DB5100A12CF5 /* SceneDelegate.swift in Sources */ = {isa = PBXBuildFile; fileRef = 560E9FA223D5DB5100A12CF5 /* SceneDelegate.swift */; };
		560E9FA623D5DB5100A12CF5 /* Makerlog.xcdatamodeld in Sources */ = {isa = PBXBuildFile; fileRef = 560E9FA423D5DB5100A12CF5 /* Makerlog.xcdatamodeld */; };
		560E9FA823D5DB5100A12CF5 /* LogFeedView.swift in Sources */ = {isa = PBXBuildFile; fileRef = 560E9FA723D5DB5100A12CF5 /* LogFeedView.swift */; };
		560E9FAA23D5DB5500A12CF5 /* Assets.xcassets in Resources */ = {isa = PBXBuildFile; fileRef = 560E9FA923D5DB5500A12CF5 /* Assets.xcassets */; };
		560E9FAD23D5DB5500A12CF5 /* Preview Assets.xcassets in Resources */ = {isa = PBXBuildFile; fileRef = 560E9FAC23D5DB5500A12CF5 /* Preview Assets.xcassets */; };
		560E9FB023D5DB5600A12CF5 /* LaunchScreen.storyboard in Resources */ = {isa = PBXBuildFile; fileRef = 560E9FAE23D5DB5600A12CF5 /* LaunchScreen.storyboard */; };
		560E9FBB23D5DB5600A12CF5 /* MakerlogTests.swift in Sources */ = {isa = PBXBuildFile; fileRef = 560E9FBA23D5DB5600A12CF5 /* MakerlogTests.swift */; };
		560E9FC623D5DB5600A12CF5 /* MakerlogUITests.swift in Sources */ = {isa = PBXBuildFile; fileRef = 560E9FC523D5DB5600A12CF5 /* MakerlogUITests.swift */; };
		560E9FD423D5F23500A12CF5 /* Logs.swift in Sources */ = {isa = PBXBuildFile; fileRef = 560E9FD323D5F23500A12CF5 /* Logs.swift */; };
		560EFC9123EAF0DA00E0B172 /* NotificationsView.swift in Sources */ = {isa = PBXBuildFile; fileRef = 560EFC9023EAF0DA00E0B172 /* NotificationsView.swift */; };
		560EFC9323EAF1F500E0B172 /* Notification.swift in Sources */ = {isa = PBXBuildFile; fileRef = 560EFC9223EAF1F500E0B172 /* Notification.swift */; };
		561A48CF23E185FE0077A1D2 /* pulltorefresh.swift in Sources */ = {isa = PBXBuildFile; fileRef = 561A48CE23E185FE0077A1D2 /* pulltorefresh.swift */; };
		561A48DC23E31A990077A1D2 /* BulletinBoard.swift in Sources */ = {isa = PBXBuildFile; fileRef = 561A48DA23E31A990077A1D2 /* BulletinBoard.swift */; };
		562065A3240E99DF0016B21D /* closeKeyboard.swift in Sources */ = {isa = PBXBuildFile; fileRef = 562065A2240E99DF0016B21D /* closeKeyboard.swift */; };
		5622AFB623FBFC8B00CC1B76 /* progressImg.swift in Sources */ = {isa = PBXBuildFile; fileRef = 5622AFB523FBFC8B00CC1B76 /* progressImg.swift */; };
		5622AFB823FC1A7000CC1B76 /* LinkPreview.swift in Sources */ = {isa = PBXBuildFile; fileRef = 5622AFB723FC1A7000CC1B76 /* LinkPreview.swift */; };
		5625896C24C0B028005FF75A /* UserTabView.swift in Sources */ = {isa = PBXBuildFile; fileRef = 5625896B24C0B028005FF75A /* UserTabView.swift */; };
		5635D1C824C5AAE800CEC736 /* TodayView.swift in Sources */ = {isa = PBXBuildFile; fileRef = 5635D1C724C5AAE800CEC736 /* TodayView.swift */; };
		5635D1CA24C6162500CEC736 /* Archivments.swift in Sources */ = {isa = PBXBuildFile; fileRef = 5635D1C924C6162400CEC736 /* Archivments.swift */; };
		5635D1CD24C62A8F00CEC736 /* SwiftUICharts in Frameworks */ = {isa = PBXBuildFile; productRef = 5635D1CC24C62A8F00CEC736 /* SwiftUICharts */; };
		565A70002423E837006F4A4E /* OAuthSwift in Frameworks */ = {isa = PBXBuildFile; productRef = 565A6FFF2423E837006F4A4E /* OAuthSwift */; };
		56682BCF23E5C88000EF2C5B /* logFeedItem.swift in Sources */ = {isa = PBXBuildFile; fileRef = 56682BCE23E5C88000EF2C5B /* logFeedItem.swift */; };
		56682BD223E610D700EF2C5B /* UserView.swift in Sources */ = {isa = PBXBuildFile; fileRef = 56682BD123E610D700EF2C5B /* UserView.swift */; };
		566DF0D423DF01E50085C318 /* TabView.swift in Sources */ = {isa = PBXBuildFile; fileRef = 566DF0D323DF01E50085C318 /* TabView.swift */; };
		566F1C6623D73C9A00518FFF /* Projects.swift in Sources */ = {isa = PBXBuildFile; fileRef = 566F1C6523D73C9A00518FFF /* Projects.swift */; };
		566F1C6823D7511700518FFF /* prductView.swift in Sources */ = {isa = PBXBuildFile; fileRef = 566F1C6723D7511700518FFF /* prductView.swift */; };
		566F1C6A23D7513800518FFF /* ProductViewData.swift in Sources */ = {isa = PBXBuildFile; fileRef = 566F1C6923D7513800518FFF /* ProductViewData.swift */; };
		566F1C7323D7970300518FFF /* Comment.swift in Sources */ = {isa = PBXBuildFile; fileRef = 566F1C7223D7970300518FFF /* Comment.swift */; };
		566F1C7523D7977700518FFF /* CommentViewData.swift in Sources */ = {isa = PBXBuildFile; fileRef = 566F1C7423D7977700518FFF /* CommentViewData.swift */; };
		566F1C8023D8A59B00518FFF /* LogViewData.swift in Sources */ = {isa = PBXBuildFile; fileRef = 566F1C7F23D8A59B00518FFF /* LogViewData.swift */; };
		566F1C8223D8B99500518FFF /* LoginData.swift in Sources */ = {isa = PBXBuildFile; fileRef = 566F1C8123D8B99500518FFF /* LoginData.swift */; };
		566F1C8423D8BB0800518FFF /* FetchedObjectsViewModel.swift in Sources */ = {isa = PBXBuildFile; fileRef = 566F1C8323D8BB0800518FFF /* FetchedObjectsViewModel.swift */; };
		566F1C8623D8BBC800518FFF /* loginModel.swift in Sources */ = {isa = PBXBuildFile; fileRef = 566F1C8523D8BBC800518FFF /* loginModel.swift */; };
		5670F30A23F5B4AB00B1D96E /* Discussions.swift in Sources */ = {isa = PBXBuildFile; fileRef = 5670F30923F5B4AB00B1D96E /* Discussions.swift */; };
		5670F30C23F5BCE900B1D96E /* DiscussionsView.swift in Sources */ = {isa = PBXBuildFile; fileRef = 5670F30B23F5BCE900B1D96E /* DiscussionsView.swift */; };
		5670F30E23F5E21700B1D96E /* DiscussionResponse.swift in Sources */ = {isa = PBXBuildFile; fileRef = 5670F30D23F5E21700B1D96E /* DiscussionResponse.swift */; };
		5670F31023F5E30500B1D96E /* DiscussionData.swift in Sources */ = {isa = PBXBuildFile; fileRef = 5670F30F23F5E30500B1D96E /* DiscussionData.swift */; };
		5670F31223F5E45300B1D96E /* DiscussionsDetailView.swift in Sources */ = {isa = PBXBuildFile; fileRef = 5670F31123F5E45300B1D96E /* DiscussionsDetailView.swift */; };
		567B8A8E23F7024600952D4C /* AddView.swift in Sources */ = {isa = PBXBuildFile; fileRef = 567B8A8D23F7024600952D4C /* AddView.swift */; };
		567B8A9523F8895600952D4C /* logInteractive.swift in Sources */ = {isa = PBXBuildFile; fileRef = 567B8A9423F8895600952D4C /* logInteractive.swift */; };
		567CD4AA24029171009B944F /* ApiModel.swift in Sources */ = {isa = PBXBuildFile; fileRef = 567CD4A924029171009B944F /* ApiModel.swift */; };
		5683E075240AFA2600A15518 /* UserStats.swift in Sources */ = {isa = PBXBuildFile; fileRef = 5683E074240AFA2500A15518 /* UserStats.swift */; };
		5683E078240AFB3600A15518 /* UserStatsView.swift in Sources */ = {isa = PBXBuildFile; fileRef = 5683E077240AFB3600A15518 /* UserStatsView.swift */; };
		569EF18A2441C3F600598569 /* KeychainAccess in Frameworks */ = {isa = PBXBuildFile; productRef = 569EF1892441C3F600598569 /* KeychainAccess */; };
		56A2CD0024A4F224003CD908 /* MDText in Frameworks */ = {isa = PBXBuildFile; productRef = 56A2CCFF24A4F224003CD908 /* MDText */; };
		56ADC48524144A940082930A /* logsSocket.swift in Sources */ = {isa = PBXBuildFile; fileRef = 56ADC48424144A940082930A /* logsSocket.swift */; };
		56BE7B3B23EF4631006EE3AF /* KeyboardObserving in Frameworks */ = {isa = PBXBuildFile; productRef = 56BE7B3A23EF4631006EE3AF /* KeyboardObserving */; };
		56BE7B4623F0AA3B006EE3AF /* Praise.swift in Sources */ = {isa = PBXBuildFile; fileRef = 56BE7B4523F0AA3B006EE3AF /* Praise.swift */; };
		56C1A29123EAE99500A70718 /* LogFeedViewMacOS.swift in Sources */ = {isa = PBXBuildFile; fileRef = 56C1A29023EAE99500A70718 /* LogFeedViewMacOS.swift */; };
		56C1A29323EAE9A500A70718 /* LogViewMacOS.swift in Sources */ = {isa = PBXBuildFile; fileRef = 56C1A29223EAE9A500A70718 /* LogViewMacOS.swift */; };
		56C8FE42240FDACF00E28FC5 /* SDWebImage in Frameworks */ = {isa = PBXBuildFile; productRef = 56C8FE41240FDACF00E28FC5 /* SDWebImage */; };
		56C8FE44240FDACF00E28FC5 /* SDWebImageMapKit in Frameworks */ = {isa = PBXBuildFile; productRef = 56C8FE43240FDACF00E28FC5 /* SDWebImageMapKit */; };
		56C8FE47240FDAF800E28FC5 /* SDWebImageSwiftUI in Frameworks */ = {isa = PBXBuildFile; productRef = 56C8FE46240FDAF800E28FC5 /* SDWebImageSwiftUI */; };
		56C94A8823D6F9AA007840DB /* MakerlogAPI.swift in Sources */ = {isa = PBXBuildFile; fileRef = 56C94A8723D6F9A9007840DB /* MakerlogAPI.swift */; };
		56C94A8C23D6FBF5007840DB /* LogDetailView.swift in Sources */ = {isa = PBXBuildFile; fileRef = 56C94A8B23D6FBF5007840DB /* LogDetailView.swift */; };
		56D2C71523DF4BDB0017A7B4 /* User.swift in Sources */ = {isa = PBXBuildFile; fileRef = 56D2C71423DF4BDB0017A7B4 /* User.swift */; };
		56D4E45A23E9C26100679DD4 /* EventImg.swift in Sources */ = {isa = PBXBuildFile; fileRef = 56D4E45923E9C26100679DD4 /* EventImg.swift */; };
		56D4E45C23E9C9C500679DD4 /* AddLogView.swift in Sources */ = {isa = PBXBuildFile; fileRef = 56D4E45B23E9C9C500679DD4 /* AddLogView.swift */; };
		56D4E45E23E9CCA900679DD4 /* AddLogData.swift in Sources */ = {isa = PBXBuildFile; fileRef = 56D4E45D23E9CCA900679DD4 /* AddLogData.swift */; };
		56D4E46323EA072500679DD4 /* addBorder.swift in Sources */ = {isa = PBXBuildFile; fileRef = 56D4E46223EA072500679DD4 /* addBorder.swift */; };
		56E3674723FAE0F600C69F8F /* SwiftUIX in Frameworks */ = {isa = PBXBuildFile; productRef = 56E3674623FAE0F600C69F8F /* SwiftUIX */; };
		56EEB54424043C9600522B8C /* Pages in Frameworks */ = {isa = PBXBuildFile; productRef = 56EEB54324043C9600522B8C /* Pages */; };
		56EEB54624043CB100522B8C /* Onboarding.swift in Sources */ = {isa = PBXBuildFile; fileRef = 56EEB54524043CB100522B8C /* Onboarding.swift */; };
		56EEB54824045F5A00522B8C /* SettingsView.swift in Sources */ = {isa = PBXBuildFile; fileRef = 56EEB54724045F5A00522B8C /* SettingsView.swift */; };
		56EEB54A2405257D00522B8C /* Imprint.swift in Sources */ = {isa = PBXBuildFile; fileRef = 56EEB5492405257D00522B8C /* Imprint.swift */; };
		56EEB54C2405284400522B8C /* DataSecurity.swift in Sources */ = {isa = PBXBuildFile; fileRef = 56EEB54B2405284400522B8C /* DataSecurity.swift */; };
		56EEB54E2405632900522B8C /* LoginScreen.swift in Sources */ = {isa = PBXBuildFile; fileRef = 56EEB54D2405632800522B8C /* LoginScreen.swift */; };
		56FD23AD2406BC8B00883C27 /* TabScreenData.swift in Sources */ = {isa = PBXBuildFile; fileRef = 56FD23AC2406BC8B00883C27 /* TabScreenData.swift */; };
/* End PBXBuildFile section */

/* Begin PBXContainerItemProxy section */
		560E9FB723D5DB5600A12CF5 /* PBXContainerItemProxy */ = {
			isa = PBXContainerItemProxy;
			containerPortal = 560E9F9523D5DB5100A12CF5 /* Project object */;
			proxyType = 1;
			remoteGlobalIDString = 560E9F9C23D5DB5100A12CF5;
			remoteInfo = Makerlog;
		};
		560E9FC223D5DB5600A12CF5 /* PBXContainerItemProxy */ = {
			isa = PBXContainerItemProxy;
			containerPortal = 560E9F9523D5DB5100A12CF5 /* Project object */;
			proxyType = 1;
			remoteGlobalIDString = 560E9F9C23D5DB5100A12CF5;
			remoteInfo = Makerlog;
		};
/* End PBXContainerItemProxy section */

/* Begin PBXFileReference section */
		5603487E24068AF40089FECD /* Products.swift */ = {isa = PBXFileReference; lastKnownFileType = sourcecode.swift; path = Products.swift; sourceTree = "<group>"; };
		56034883240690D10089FECD /* ReplayView.swift */ = {isa = PBXFileReference; lastKnownFileType = sourcecode.swift; path = ReplayView.swift; sourceTree = "<group>"; };
		56034886240691890089FECD /* AddDiscussionView.swift */ = {isa = PBXFileReference; lastKnownFileType = sourcecode.swift; path = AddDiscussionView.swift; sourceTree = "<group>"; };
		5604516F244C6D0E005C7FCF /* ContactScreen.swift */ = {isa = PBXFileReference; lastKnownFileType = sourcecode.swift; path = ContactScreen.swift; sourceTree = "<group>"; };
		5605C91B24156C37009CB030 /* DiscussionSocket.swift */ = {isa = PBXFileReference; lastKnownFileType = sourcecode.swift; path = DiscussionSocket.swift; sourceTree = "<group>"; };
		560E9F9D23D5DB5100A12CF5 /* logbot.app */ = {isa = PBXFileReference; explicitFileType = wrapper.application; includeInIndex = 0; path = logbot.app; sourceTree = BUILT_PRODUCTS_DIR; };
		560E9FA023D5DB5100A12CF5 /* AppDelegate.swift */ = {isa = PBXFileReference; lastKnownFileType = sourcecode.swift; path = AppDelegate.swift; sourceTree = "<group>"; };
		560E9FA223D5DB5100A12CF5 /* SceneDelegate.swift */ = {isa = PBXFileReference; lastKnownFileType = sourcecode.swift; path = SceneDelegate.swift; sourceTree = "<group>"; };
		560E9FA523D5DB5100A12CF5 /* Makerlog.xcdatamodel */ = {isa = PBXFileReference; lastKnownFileType = wrapper.xcdatamodel; path = Makerlog.xcdatamodel; sourceTree = "<group>"; };
		560E9FA723D5DB5100A12CF5 /* LogFeedView.swift */ = {isa = PBXFileReference; lastKnownFileType = sourcecode.swift; path = LogFeedView.swift; sourceTree = "<group>"; };
		560E9FA923D5DB5500A12CF5 /* Assets.xcassets */ = {isa = PBXFileReference; lastKnownFileType = folder.assetcatalog; path = Assets.xcassets; sourceTree = "<group>"; };
		560E9FAC23D5DB5500A12CF5 /* Preview Assets.xcassets */ = {isa = PBXFileReference; lastKnownFileType = folder.assetcatalog; path = "Preview Assets.xcassets"; sourceTree = "<group>"; };
		560E9FAF23D5DB5600A12CF5 /* Base */ = {isa = PBXFileReference; lastKnownFileType = file.storyboard; name = Base; path = Base.lproj/LaunchScreen.storyboard; sourceTree = "<group>"; };
		560E9FB123D5DB5600A12CF5 /* Info.plist */ = {isa = PBXFileReference; lastKnownFileType = text.plist.xml; path = Info.plist; sourceTree = "<group>"; };
		560E9FB623D5DB5600A12CF5 /* MakerlogTests.xctest */ = {isa = PBXFileReference; explicitFileType = wrapper.cfbundle; includeInIndex = 0; path = MakerlogTests.xctest; sourceTree = BUILT_PRODUCTS_DIR; };
		560E9FBA23D5DB5600A12CF5 /* MakerlogTests.swift */ = {isa = PBXFileReference; lastKnownFileType = sourcecode.swift; path = MakerlogTests.swift; sourceTree = "<group>"; };
		560E9FBC23D5DB5600A12CF5 /* Info.plist */ = {isa = PBXFileReference; lastKnownFileType = text.plist.xml; path = Info.plist; sourceTree = "<group>"; };
		560E9FC123D5DB5600A12CF5 /* MakerlogUITests.xctest */ = {isa = PBXFileReference; explicitFileType = wrapper.cfbundle; includeInIndex = 0; path = MakerlogUITests.xctest; sourceTree = BUILT_PRODUCTS_DIR; };
		560E9FC523D5DB5600A12CF5 /* MakerlogUITests.swift */ = {isa = PBXFileReference; lastKnownFileType = sourcecode.swift; path = MakerlogUITests.swift; sourceTree = "<group>"; };
		560E9FC723D5DB5600A12CF5 /* Info.plist */ = {isa = PBXFileReference; lastKnownFileType = text.plist.xml; path = Info.plist; sourceTree = "<group>"; };
		560E9FD323D5F23500A12CF5 /* Logs.swift */ = {isa = PBXFileReference; lastKnownFileType = sourcecode.swift; path = Logs.swift; sourceTree = "<group>"; };
		560EFC9023EAF0DA00E0B172 /* NotificationsView.swift */ = {isa = PBXFileReference; lastKnownFileType = sourcecode.swift; path = NotificationsView.swift; sourceTree = "<group>"; };
		560EFC9223EAF1F500E0B172 /* Notification.swift */ = {isa = PBXFileReference; lastKnownFileType = sourcecode.swift; path = Notification.swift; sourceTree = "<group>"; };
		561A48CE23E185FE0077A1D2 /* pulltorefresh.swift */ = {isa = PBXFileReference; lastKnownFileType = sourcecode.swift; path = pulltorefresh.swift; sourceTree = "<group>"; };
		561A48DA23E31A990077A1D2 /* BulletinBoard.swift */ = {isa = PBXFileReference; fileEncoding = 4; lastKnownFileType = sourcecode.swift; path = BulletinBoard.swift; sourceTree = "<group>"; };
		562065A2240E99DF0016B21D /* closeKeyboard.swift */ = {isa = PBXFileReference; lastKnownFileType = sourcecode.swift; path = closeKeyboard.swift; sourceTree = "<group>"; };
		5622AFB523FBFC8B00CC1B76 /* progressImg.swift */ = {isa = PBXFileReference; lastKnownFileType = sourcecode.swift; path = progressImg.swift; sourceTree = "<group>"; };
		5622AFB723FC1A7000CC1B76 /* LinkPreview.swift */ = {isa = PBXFileReference; lastKnownFileType = sourcecode.swift; path = LinkPreview.swift; sourceTree = "<group>"; };
		5625896B24C0B028005FF75A /* UserTabView.swift */ = {isa = PBXFileReference; lastKnownFileType = sourcecode.swift; path = UserTabView.swift; sourceTree = "<group>"; };
		5635D1C724C5AAE800CEC736 /* TodayView.swift */ = {isa = PBXFileReference; lastKnownFileType = sourcecode.swift; path = TodayView.swift; sourceTree = "<group>"; };
		5635D1C924C6162400CEC736 /* Archivments.swift */ = {isa = PBXFileReference; lastKnownFileType = sourcecode.swift; path = Archivments.swift; sourceTree = "<group>"; };
		56682BCE23E5C88000EF2C5B /* logFeedItem.swift */ = {isa = PBXFileReference; lastKnownFileType = sourcecode.swift; path = logFeedItem.swift; sourceTree = "<group>"; };
		56682BD123E610D700EF2C5B /* UserView.swift */ = {isa = PBXFileReference; lastKnownFileType = sourcecode.swift; path = UserView.swift; sourceTree = "<group>"; };
		566DF0D323DF01E50085C318 /* TabView.swift */ = {isa = PBXFileReference; lastKnownFileType = sourcecode.swift; path = TabView.swift; sourceTree = "<group>"; };
		566F1C6523D73C9A00518FFF /* Projects.swift */ = {isa = PBXFileReference; lastKnownFileType = sourcecode.swift; path = Projects.swift; sourceTree = "<group>"; };
		566F1C6723D7511700518FFF /* prductView.swift */ = {isa = PBXFileReference; lastKnownFileType = sourcecode.swift; path = prductView.swift; sourceTree = "<group>"; };
		566F1C6923D7513800518FFF /* ProductViewData.swift */ = {isa = PBXFileReference; lastKnownFileType = sourcecode.swift; path = ProductViewData.swift; sourceTree = "<group>"; };
		566F1C7223D7970300518FFF /* Comment.swift */ = {isa = PBXFileReference; lastKnownFileType = sourcecode.swift; path = Comment.swift; sourceTree = "<group>"; };
		566F1C7423D7977700518FFF /* CommentViewData.swift */ = {isa = PBXFileReference; lastKnownFileType = sourcecode.swift; path = CommentViewData.swift; sourceTree = "<group>"; };
		566F1C7F23D8A59B00518FFF /* LogViewData.swift */ = {isa = PBXFileReference; fileEncoding = 4; lastKnownFileType = sourcecode.swift; path = LogViewData.swift; sourceTree = "<group>"; };
		566F1C8123D8B99500518FFF /* LoginData.swift */ = {isa = PBXFileReference; lastKnownFileType = sourcecode.swift; path = LoginData.swift; sourceTree = "<group>"; };
		566F1C8323D8BB0800518FFF /* FetchedObjectsViewModel.swift */ = {isa = PBXFileReference; fileEncoding = 4; lastKnownFileType = sourcecode.swift; path = FetchedObjectsViewModel.swift; sourceTree = "<group>"; };
		566F1C8523D8BBC800518FFF /* loginModel.swift */ = {isa = PBXFileReference; lastKnownFileType = sourcecode.swift; path = loginModel.swift; sourceTree = "<group>"; };
		566FACB223FC927700BE3F13 /* makerlog.entitlements */ = {isa = PBXFileReference; lastKnownFileType = text.plist.entitlements; path = makerlog.entitlements; sourceTree = "<group>"; };
		5670F30923F5B4AB00B1D96E /* Discussions.swift */ = {isa = PBXFileReference; lastKnownFileType = sourcecode.swift; path = Discussions.swift; sourceTree = "<group>"; };
		5670F30B23F5BCE900B1D96E /* DiscussionsView.swift */ = {isa = PBXFileReference; lastKnownFileType = sourcecode.swift; path = DiscussionsView.swift; sourceTree = "<group>"; };
		5670F30D23F5E21700B1D96E /* DiscussionResponse.swift */ = {isa = PBXFileReference; lastKnownFileType = sourcecode.swift; path = DiscussionResponse.swift; sourceTree = "<group>"; };
		5670F30F23F5E30500B1D96E /* DiscussionData.swift */ = {isa = PBXFileReference; lastKnownFileType = sourcecode.swift; path = DiscussionData.swift; sourceTree = "<group>"; };
		5670F31123F5E45300B1D96E /* DiscussionsDetailView.swift */ = {isa = PBXFileReference; lastKnownFileType = sourcecode.swift; path = DiscussionsDetailView.swift; sourceTree = "<group>"; };
		567B8A8D23F7024600952D4C /* AddView.swift */ = {isa = PBXFileReference; lastKnownFileType = sourcecode.swift; path = AddView.swift; sourceTree = "<group>"; };
		567B8A9423F8895600952D4C /* logInteractive.swift */ = {isa = PBXFileReference; lastKnownFileType = sourcecode.swift; path = logInteractive.swift; sourceTree = "<group>"; };
		567CD4A924029171009B944F /* ApiModel.swift */ = {isa = PBXFileReference; lastKnownFileType = sourcecode.swift; path = ApiModel.swift; sourceTree = "<group>"; };
		5683E074240AFA2500A15518 /* UserStats.swift */ = {isa = PBXFileReference; lastKnownFileType = sourcecode.swift; path = UserStats.swift; sourceTree = "<group>"; };
		5683E077240AFB3600A15518 /* UserStatsView.swift */ = {isa = PBXFileReference; lastKnownFileType = sourcecode.swift; path = UserStatsView.swift; sourceTree = "<group>"; };
		56A2CCFE24A4F21C003CD908 /* MDText-master */ = {isa = PBXFileReference; lastKnownFileType = folder; path = "MDText-master"; sourceTree = "<group>"; };
		56ADC48424144A940082930A /* logsSocket.swift */ = {isa = PBXFileReference; lastKnownFileType = sourcecode.swift; path = logsSocket.swift; sourceTree = "<group>"; };
		56BE7B4523F0AA3B006EE3AF /* Praise.swift */ = {isa = PBXFileReference; lastKnownFileType = sourcecode.swift; path = Praise.swift; sourceTree = "<group>"; };
		56C1A29023EAE99500A70718 /* LogFeedViewMacOS.swift */ = {isa = PBXFileReference; lastKnownFileType = sourcecode.swift; path = LogFeedViewMacOS.swift; sourceTree = "<group>"; };
		56C1A29223EAE9A500A70718 /* LogViewMacOS.swift */ = {isa = PBXFileReference; lastKnownFileType = sourcecode.swift; path = LogViewMacOS.swift; sourceTree = "<group>"; };
		56C94A8723D6F9A9007840DB /* MakerlogAPI.swift */ = {isa = PBXFileReference; lastKnownFileType = sourcecode.swift; path = MakerlogAPI.swift; sourceTree = "<group>"; };
		56C94A8B23D6FBF5007840DB /* LogDetailView.swift */ = {isa = PBXFileReference; lastKnownFileType = sourcecode.swift; path = LogDetailView.swift; sourceTree = "<group>"; };
		56D2C71423DF4BDB0017A7B4 /* User.swift */ = {isa = PBXFileReference; lastKnownFileType = sourcecode.swift; path = User.swift; sourceTree = "<group>"; };
		56D4E45923E9C26100679DD4 /* EventImg.swift */ = {isa = PBXFileReference; lastKnownFileType = sourcecode.swift; path = EventImg.swift; sourceTree = "<group>"; };
		56D4E45B23E9C9C500679DD4 /* AddLogView.swift */ = {isa = PBXFileReference; lastKnownFileType = sourcecode.swift; path = AddLogView.swift; sourceTree = "<group>"; };
		56D4E45D23E9CCA900679DD4 /* AddLogData.swift */ = {isa = PBXFileReference; lastKnownFileType = sourcecode.swift; path = AddLogData.swift; sourceTree = "<group>"; };
		56D4E46223EA072500679DD4 /* addBorder.swift */ = {isa = PBXFileReference; fileEncoding = 4; lastKnownFileType = sourcecode.swift; path = addBorder.swift; sourceTree = "<group>"; };
		56D4E46A23EAB73600679DD4 /* AppDelegate.swift */ = {isa = PBXFileReference; lastKnownFileType = sourcecode.swift; path = AppDelegate.swift; sourceTree = "<group>"; };
		56D4E46C23EAB73600679DD4 /* ContentView.swift */ = {isa = PBXFileReference; lastKnownFileType = sourcecode.swift; path = ContentView.swift; sourceTree = "<group>"; };
		56D4E46F23EAB73600679DD4 /* makerlog_macOS.xcdatamodel */ = {isa = PBXFileReference; lastKnownFileType = wrapper.xcdatamodel; path = makerlog_macOS.xcdatamodel; sourceTree = "<group>"; };
		56D4E47423EAB73900679DD4 /* Preview Assets.xcassets */ = {isa = PBXFileReference; lastKnownFileType = folder.assetcatalog; path = "Preview Assets.xcassets"; sourceTree = "<group>"; };
		56D4E47723EAB73900679DD4 /* Base */ = {isa = PBXFileReference; lastKnownFileType = file.storyboard; name = Base; path = Base.lproj/Main.storyboard; sourceTree = "<group>"; };
		56D4E47923EAB73900679DD4 /* Info.plist */ = {isa = PBXFileReference; lastKnownFileType = text.plist.xml; path = Info.plist; sourceTree = "<group>"; };
		56D4E47A23EAB73900679DD4 /* makerlog_macOS.entitlements */ = {isa = PBXFileReference; lastKnownFileType = text.plist.entitlements; path = makerlog_macOS.entitlements; sourceTree = "<group>"; };
		56D4E48323EAB73900679DD4 /* makerlog_macOSTests.swift */ = {isa = PBXFileReference; lastKnownFileType = sourcecode.swift; path = makerlog_macOSTests.swift; sourceTree = "<group>"; };
		56D4E48523EAB73900679DD4 /* Info.plist */ = {isa = PBXFileReference; lastKnownFileType = text.plist.xml; path = Info.plist; sourceTree = "<group>"; };
		56D4E48E23EAB73A00679DD4 /* makerlog_macOSUITests.swift */ = {isa = PBXFileReference; lastKnownFileType = sourcecode.swift; path = makerlog_macOSUITests.swift; sourceTree = "<group>"; };
		56D4E49023EAB73A00679DD4 /* Info.plist */ = {isa = PBXFileReference; lastKnownFileType = text.plist.xml; path = Info.plist; sourceTree = "<group>"; };
		56EEB54524043CB100522B8C /* Onboarding.swift */ = {isa = PBXFileReference; lastKnownFileType = sourcecode.swift; path = Onboarding.swift; sourceTree = "<group>"; };
		56EEB54724045F5A00522B8C /* SettingsView.swift */ = {isa = PBXFileReference; lastKnownFileType = sourcecode.swift; path = SettingsView.swift; sourceTree = "<group>"; };
		56EEB5492405257D00522B8C /* Imprint.swift */ = {isa = PBXFileReference; lastKnownFileType = sourcecode.swift; path = Imprint.swift; sourceTree = "<group>"; };
		56EEB54B2405284400522B8C /* DataSecurity.swift */ = {isa = PBXFileReference; lastKnownFileType = sourcecode.swift; path = DataSecurity.swift; sourceTree = "<group>"; };
		56EEB54D2405632800522B8C /* LoginScreen.swift */ = {isa = PBXFileReference; lastKnownFileType = sourcecode.swift; path = LoginScreen.swift; sourceTree = "<group>"; };
		56FD23AC2406BC8B00883C27 /* TabScreenData.swift */ = {isa = PBXFileReference; lastKnownFileType = sourcecode.swift; path = TabScreenData.swift; sourceTree = "<group>"; };
/* End PBXFileReference section */

/* Begin PBXFrameworksBuildPhase section */
		560E9F9A23D5DB5100A12CF5 /* Frameworks */ = {
			isa = PBXFrameworksBuildPhase;
			buildActionMask = 2147483647;
			files = (
				56C8FE47240FDAF800E28FC5 /* SDWebImageSwiftUI in Frameworks */,
				56C8FE42240FDACF00E28FC5 /* SDWebImage in Frameworks */,
				56BE7B3B23EF4631006EE3AF /* KeyboardObserving in Frameworks */,
				569EF18A2441C3F600598569 /* KeychainAccess in Frameworks */,
				56A2CD0024A4F224003CD908 /* MDText in Frameworks */,
				56C8FE44240FDACF00E28FC5 /* SDWebImageMapKit in Frameworks */,
				56EEB54424043C9600522B8C /* Pages in Frameworks */,
				565A70002423E837006F4A4E /* OAuthSwift in Frameworks */,
				56E3674723FAE0F600C69F8F /* SwiftUIX in Frameworks */,
				5635D1CD24C62A8F00CEC736 /* SwiftUICharts in Frameworks */,
			);
			runOnlyForDeploymentPostprocessing = 0;
		};
		560E9FB323D5DB5600A12CF5 /* Frameworks */ = {
			isa = PBXFrameworksBuildPhase;
			buildActionMask = 2147483647;
			files = (
			);
			runOnlyForDeploymentPostprocessing = 0;
		};
		560E9FBE23D5DB5600A12CF5 /* Frameworks */ = {
			isa = PBXFrameworksBuildPhase;
			buildActionMask = 2147483647;
			files = (
			);
			runOnlyForDeploymentPostprocessing = 0;
		};
/* End PBXFrameworksBuildPhase section */

/* Begin PBXGroup section */
		5603488024068BA00089FECD /* DatenStruct */ = {
			isa = PBXGroup;
			children = (
				560E9FD323D5F23500A12CF5 /* Logs.swift */,
				566F1C6523D73C9A00518FFF /* Projects.swift */,
				5603487E24068AF40089FECD /* Products.swift */,
				566F1C7223D7970300518FFF /* Comment.swift */,
				56D2C71423DF4BDB0017A7B4 /* User.swift */,
				560EFC9223EAF1F500E0B172 /* Notification.swift */,
				56BE7B4523F0AA3B006EE3AF /* Praise.swift */,
				5670F30923F5B4AB00B1D96E /* Discussions.swift */,
				5670F30D23F5E21700B1D96E /* DiscussionResponse.swift */,
				5683E074240AFA2500A15518 /* UserStats.swift */,
				56ADC48424144A940082930A /* logsSocket.swift */,
				5605C91B24156C37009CB030 /* DiscussionSocket.swift */,
				5635D1C924C6162400CEC736 /* Archivments.swift */,
			);
			path = DatenStruct;
			sourceTree = "<group>";
		};
		560348812406902E0089FECD /* Settings */ = {
			isa = PBXGroup;
			children = (
				56EEB5492405257D00522B8C /* Imprint.swift */,
				56EEB54B2405284400522B8C /* DataSecurity.swift */,
			);
			path = Settings;
			sourceTree = "<group>";
		};
		56034882240690B50089FECD /* Discussions */ = {
			isa = PBXGroup;
			children = (
				56034883240690D10089FECD /* ReplayView.swift */,
			);
			path = Discussions;
			sourceTree = "<group>";
		};
		560348852406916F0089FECD /* AddView */ = {
			isa = PBXGroup;
			children = (
				56D4E45B23E9C9C500679DD4 /* AddLogView.swift */,
				56034886240691890089FECD /* AddDiscussionView.swift */,
			);
			path = AddView;
			sourceTree = "<group>";
		};
		56034888240691D90089FECD /* SubViews */ = {
			isa = PBXGroup;
			children = (
				5604516E244C6C90005C7FCF /* UserView */,
				5603488A240692140089FECD /* Discussion */,
				56034889240691FA0089FECD /* LogFeed */,
				560348852406916F0089FECD /* AddView */,
				560348812406902E0089FECD /* Settings */,
			);
			path = SubViews;
			sourceTree = "<group>";
		};
		56034889240691FA0089FECD /* LogFeed */ = {
			isa = PBXGroup;
			children = (
				56C94A8B23D6FBF5007840DB /* LogDetailView.swift */,
			);
			path = LogFeed;
			sourceTree = "<group>";
		};
		5603488A240692140089FECD /* Discussion */ = {
			isa = PBXGroup;
			children = (
				5670F31123F5E45300B1D96E /* DiscussionsDetailView.swift */,
			);
			path = Discussion;
			sourceTree = "<group>";
		};
		5604516E244C6C90005C7FCF /* UserView */ = {
			isa = PBXGroup;
			children = (
				5604516F244C6D0E005C7FCF /* ContactScreen.swift */,
			);
			path = UserView;
			sourceTree = "<group>";
		};
		560E9F9423D5DB5100A12CF5 = {
			isa = PBXGroup;
			children = (
				566FACB223FC927700BE3F13 /* makerlog.entitlements */,
				56C1A28623EADB8400A70718 /* Shared */,
				560E9F9F23D5DB5100A12CF5 /* Makerlog-iOS */,
				56D4E46923EAB73600679DD4 /* Makerlog-macOS */,
				56D4E4C123EAD95B00679DD4 /* Tests */,
				560E9F9E23D5DB5100A12CF5 /* Products */,
				5648852823E036A4001E6467 /* Frameworks */,
			);
			sourceTree = "<group>";
		};
		560E9F9E23D5DB5100A12CF5 /* Products */ = {
			isa = PBXGroup;
			children = (
				560E9F9D23D5DB5100A12CF5 /* logbot.app */,
				560E9FB623D5DB5600A12CF5 /* MakerlogTests.xctest */,
				560E9FC123D5DB5600A12CF5 /* MakerlogUITests.xctest */,
			);
			name = Products;
			sourceTree = "<group>";
		};
		560E9F9F23D5DB5100A12CF5 /* Makerlog-iOS */ = {
			isa = PBXGroup;
			children = (
				56C94A8923D6FBAA007840DB /* View */,
				560E9FA023D5DB5100A12CF5 /* AppDelegate.swift */,
				560E9FA223D5DB5100A12CF5 /* SceneDelegate.swift */,
				560E9FAE23D5DB5600A12CF5 /* LaunchScreen.storyboard */,
				560E9FB123D5DB5600A12CF5 /* Info.plist */,
				560E9FA423D5DB5100A12CF5 /* Makerlog.xcdatamodeld */,
				560E9FAB23D5DB5500A12CF5 /* Preview Content */,
			);
			path = "Makerlog-iOS";
			sourceTree = "<group>";
		};
		560E9FAB23D5DB5500A12CF5 /* Preview Content */ = {
			isa = PBXGroup;
			children = (
				560E9FAC23D5DB5500A12CF5 /* Preview Assets.xcassets */,
			);
			path = "Preview Content";
			sourceTree = "<group>";
		};
		560E9FB923D5DB5600A12CF5 /* MakerlogTests */ = {
			isa = PBXGroup;
			children = (
				560E9FBA23D5DB5600A12CF5 /* MakerlogTests.swift */,
				560E9FBC23D5DB5600A12CF5 /* Info.plist */,
			);
			path = MakerlogTests;
			sourceTree = "<group>";
		};
		560E9FC423D5DB5600A12CF5 /* MakerlogUITests */ = {
			isa = PBXGroup;
			children = (
				560E9FC523D5DB5600A12CF5 /* MakerlogUITests.swift */,
				560E9FC723D5DB5600A12CF5 /* Info.plist */,
			);
			path = MakerlogUITests;
			sourceTree = "<group>";
		};
		561A48D423E317A40077A1D2 /* Main Screens */ = {
			isa = PBXGroup;
			children = (
				56EEB54D2405632800522B8C /* LoginScreen.swift */,
				56682BD123E610D700EF2C5B /* UserView.swift */,
				560E9FA723D5DB5100A12CF5 /* LogFeedView.swift */,
				560EFC9023EAF0DA00E0B172 /* NotificationsView.swift */,
				5670F30B23F5BCE900B1D96E /* DiscussionsView.swift */,
				567B8A8D23F7024600952D4C /* AddView.swift */,
				56EEB54724045F5A00522B8C /* SettingsView.swift */,
				5625896B24C0B028005FF75A /* UserTabView.swift */,
				5635D1C724C5AAE800CEC736 /* TodayView.swift */,
			);
			path = "Main Screens";
			sourceTree = "<group>";
		};
		561A48D623E317C20077A1D2 /* Components  */ = {
			isa = PBXGroup;
			children = (
				5683E076240AFB1F00A15518 /* UserVIew */,
				56D4E46123EA070500679DD4 /* sharded */,
				56034882240690B50089FECD /* Discussions */,
				56682BCD23E5C84C00EF2C5B /* logFeedView */,
				561A48D723E317CD0077A1D2 /* logScreen */,
			);
			path = "Components ";
			sourceTree = "<group>";
		};
		561A48D723E317CD0077A1D2 /* logScreen */ = {
			isa = PBXGroup;
			children = (
				566F1C6723D7511700518FFF /* prductView.swift */,
			);
			path = logScreen;
			sourceTree = "<group>";
		};
		5648852823E036A4001E6467 /* Frameworks */ = {
			isa = PBXGroup;
			children = (
				56A2CCFE24A4F21C003CD908 /* MDText-master */,
				56D4E46223EA072500679DD4 /* addBorder.swift */,
				561A48DA23E31A990077A1D2 /* BulletinBoard.swift */,
				561A48CE23E185FE0077A1D2 /* pulltorefresh.swift */,
			);
			name = Frameworks;
			sourceTree = "<group>";
		};
		56682BCD23E5C84C00EF2C5B /* logFeedView */ = {
			isa = PBXGroup;
			children = (
				56682BCE23E5C88000EF2C5B /* logFeedItem.swift */,
			);
			path = logFeedView;
			sourceTree = "<group>";
		};
		5683E076240AFB1F00A15518 /* UserVIew */ = {
			isa = PBXGroup;
			children = (
				5683E077240AFB3600A15518 /* UserStatsView.swift */,
			);
			path = UserVIew;
			sourceTree = "<group>";
		};
		56AE33502402B7FB00A6B385 /* Api */ = {
			isa = PBXGroup;
			children = (
				56C94A8723D6F9A9007840DB /* MakerlogAPI.swift */,
				566F1C8123D8B99500518FFF /* LoginData.swift */,
				566F1C6923D7513800518FFF /* ProductViewData.swift */,
				566F1C7423D7977700518FFF /* CommentViewData.swift */,
				56D4E45D23E9CCA900679DD4 /* AddLogData.swift */,
				5670F30F23F5E30500B1D96E /* DiscussionData.swift */,
			);
			path = Api;
			sourceTree = "<group>";
		};
		56C1A28623EADB8400A70718 /* Shared */ = {
			isa = PBXGroup;
			children = (
				560E9FA923D5DB5500A12CF5 /* Assets.xcassets */,
				56C94A8A23D6FBC4007840DB /* Model */,
				56C94A8623D6F992007840DB /* View Model */,
			);
			path = Shared;
			sourceTree = "<group>";
		};
		56C1A28F23EAE97700A70718 /* View */ = {
			isa = PBXGroup;
			children = (
				56C1A29023EAE99500A70718 /* LogFeedViewMacOS.swift */,
				56C1A29223EAE9A500A70718 /* LogViewMacOS.swift */,
			);
			path = View;
			sourceTree = "<group>";
		};
		56C94A8623D6F992007840DB /* View Model */ = {
			isa = PBXGroup;
			children = (
				56AE33502402B7FB00A6B385 /* Api */,
				566F1C7F23D8A59B00518FFF /* LogViewData.swift */,
				56FD23AC2406BC8B00883C27 /* TabScreenData.swift */,
			);
			path = "View Model";
			sourceTree = "<group>";
		};
		56C94A8923D6FBAA007840DB /* View */ = {
			isa = PBXGroup;
			children = (
				561A48D623E317C20077A1D2 /* Components  */,
				56034888240691D90089FECD /* SubViews */,
				561A48D423E317A40077A1D2 /* Main Screens */,
				566DF0D323DF01E50085C318 /* TabView.swift */,
				56EEB54524043CB100522B8C /* Onboarding.swift */,
			);
			path = View;
			sourceTree = "<group>";
		};
		56C94A8A23D6FBC4007840DB /* Model */ = {
			isa = PBXGroup;
			children = (
				5603488024068BA00089FECD /* DatenStruct */,
				566F1C8323D8BB0800518FFF /* FetchedObjectsViewModel.swift */,
				566F1C8523D8BBC800518FFF /* loginModel.swift */,
				567CD4A924029171009B944F /* ApiModel.swift */,
			);
			path = Model;
			sourceTree = "<group>";
		};
		56D4E46123EA070500679DD4 /* sharded */ = {
			isa = PBXGroup;
			children = (
				567B8A9423F8895600952D4C /* logInteractive.swift */,
				5622AFB523FBFC8B00CC1B76 /* progressImg.swift */,
				56D4E45923E9C26100679DD4 /* EventImg.swift */,
				5622AFB723FC1A7000CC1B76 /* LinkPreview.swift */,
				562065A2240E99DF0016B21D /* closeKeyboard.swift */,
			);
			path = sharded;
			sourceTree = "<group>";
		};
		56D4E46923EAB73600679DD4 /* Makerlog-macOS */ = {
			isa = PBXGroup;
			children = (
				56C1A28F23EAE97700A70718 /* View */,
				56D4E46A23EAB73600679DD4 /* AppDelegate.swift */,
				56D4E46C23EAB73600679DD4 /* ContentView.swift */,
				56D4E47623EAB73900679DD4 /* Main.storyboard */,
				56D4E47923EAB73900679DD4 /* Info.plist */,
				56D4E47A23EAB73900679DD4 /* makerlog_macOS.entitlements */,
				56D4E46E23EAB73600679DD4 /* makerlog_macOS.xcdatamodeld */,
				56D4E47323EAB73900679DD4 /* Preview Content */,
			);
			path = "Makerlog-macOS";
			sourceTree = "<group>";
		};
		56D4E47323EAB73900679DD4 /* Preview Content */ = {
			isa = PBXGroup;
			children = (
				56D4E47423EAB73900679DD4 /* Preview Assets.xcassets */,
			);
			path = "Preview Content";
			sourceTree = "<group>";
		};
		56D4E48223EAB73900679DD4 /* makerlog-macOSTests */ = {
			isa = PBXGroup;
			children = (
				56D4E48323EAB73900679DD4 /* makerlog_macOSTests.swift */,
				56D4E48523EAB73900679DD4 /* Info.plist */,
			);
			path = "makerlog-macOSTests";
			sourceTree = "<group>";
		};
		56D4E48D23EAB73A00679DD4 /* makerlog-macOSUITests */ = {
			isa = PBXGroup;
			children = (
				56D4E48E23EAB73A00679DD4 /* makerlog_macOSUITests.swift */,
				56D4E49023EAB73A00679DD4 /* Info.plist */,
			);
			path = "makerlog-macOSUITests";
			sourceTree = "<group>";
		};
		56D4E4C123EAD95B00679DD4 /* Tests */ = {
			isa = PBXGroup;
			children = (
				560E9FB923D5DB5600A12CF5 /* MakerlogTests */,
				560E9FC423D5DB5600A12CF5 /* MakerlogUITests */,
				56D4E48223EAB73900679DD4 /* makerlog-macOSTests */,
				56D4E48D23EAB73A00679DD4 /* makerlog-macOSUITests */,
			);
			name = Tests;
			sourceTree = "<group>";
		};
/* End PBXGroup section */

/* Begin PBXNativeTarget section */
		560E9F9C23D5DB5100A12CF5 /* iOS */ = {
			isa = PBXNativeTarget;
			buildConfigurationList = 560E9FCA23D5DB5600A12CF5 /* Build configuration list for PBXNativeTarget "iOS" */;
			buildPhases = (
				560E9F9923D5DB5100A12CF5 /* Sources */,
				560E9F9A23D5DB5100A12CF5 /* Frameworks */,
				560E9F9B23D5DB5100A12CF5 /* Resources */,
				56682BD323E613E600EF2C5B /* Run Script */,
			);
			buildRules = (
			);
			dependencies = (
			);
			name = iOS;
			packageProductDependencies = (
				56BE7B3A23EF4631006EE3AF /* KeyboardObserving */,
				56E3674623FAE0F600C69F8F /* SwiftUIX */,
				56EEB54324043C9600522B8C /* Pages */,
				56C8FE41240FDACF00E28FC5 /* SDWebImage */,
				56C8FE43240FDACF00E28FC5 /* SDWebImageMapKit */,
				56C8FE46240FDAF800E28FC5 /* SDWebImageSwiftUI */,
				565A6FFF2423E837006F4A4E /* OAuthSwift */,
				569EF1892441C3F600598569 /* KeychainAccess */,
				56A2CCFF24A4F224003CD908 /* MDText */,
				5635D1CC24C62A8F00CEC736 /* SwiftUICharts */,
			);
			productName = Makerlog;
			productReference = 560E9F9D23D5DB5100A12CF5 /* logbot.app */;
			productType = "com.apple.product-type.application";
		};
		560E9FB523D5DB5600A12CF5 /* MakerlogTests */ = {
			isa = PBXNativeTarget;
			buildConfigurationList = 560E9FCD23D5DB5600A12CF5 /* Build configuration list for PBXNativeTarget "MakerlogTests" */;
			buildPhases = (
				560E9FB223D5DB5600A12CF5 /* Sources */,
				560E9FB323D5DB5600A12CF5 /* Frameworks */,
				560E9FB423D5DB5600A12CF5 /* Resources */,
			);
			buildRules = (
			);
			dependencies = (
				560E9FB823D5DB5600A12CF5 /* PBXTargetDependency */,
			);
			name = MakerlogTests;
			productName = MakerlogTests;
			productReference = 560E9FB623D5DB5600A12CF5 /* MakerlogTests.xctest */;
			productType = "com.apple.product-type.bundle.unit-test";
		};
		560E9FC023D5DB5600A12CF5 /* MakerlogUITests */ = {
			isa = PBXNativeTarget;
			buildConfigurationList = 560E9FD023D5DB5600A12CF5 /* Build configuration list for PBXNativeTarget "MakerlogUITests" */;
			buildPhases = (
				560E9FBD23D5DB5600A12CF5 /* Sources */,
				560E9FBE23D5DB5600A12CF5 /* Frameworks */,
				560E9FBF23D5DB5600A12CF5 /* Resources */,
			);
			buildRules = (
			);
			dependencies = (
				560E9FC323D5DB5600A12CF5 /* PBXTargetDependency */,
			);
			name = MakerlogUITests;
			productName = MakerlogUITests;
			productReference = 560E9FC123D5DB5600A12CF5 /* MakerlogUITests.xctest */;
			productType = "com.apple.product-type.bundle.ui-testing";
		};
/* End PBXNativeTarget section */

/* Begin PBXProject section */
		560E9F9523D5DB5100A12CF5 /* Project object */ = {
			isa = PBXProject;
			attributes = {
				LastSwiftUpdateCheck = 1130;
				LastUpgradeCheck = 1200;
				ORGANIZATIONNAME = "Veit Progl";
				TargetAttributes = {
					560E9F9C23D5DB5100A12CF5 = {
						CreatedOnToolsVersion = 11.3;
					};
					560E9FB523D5DB5600A12CF5 = {
						CreatedOnToolsVersion = 11.3;
						TestTargetID = 560E9F9C23D5DB5100A12CF5;
					};
					560E9FC023D5DB5600A12CF5 = {
						CreatedOnToolsVersion = 11.3;
						TestTargetID = 560E9F9C23D5DB5100A12CF5;
					};
				};
			};
			buildConfigurationList = 560E9F9823D5DB5100A12CF5 /* Build configuration list for PBXProject "Makerlog" */;
			compatibilityVersion = "Xcode 9.3";
			developmentRegion = en;
			hasScannedForEncodings = 0;
			knownRegions = (
				en,
				Base,
			);
			mainGroup = 560E9F9423D5DB5100A12CF5;
			packageReferences = (
				56BE7B2423EF1753006EE3AF /* XCRemoteSwiftPackageReference "KeyboardObserving" */,
				56E3674523FAE0F600C69F8F /* XCRemoteSwiftPackageReference "SwiftUIX" */,
				56EEB54224043C9600522B8C /* XCRemoteSwiftPackageReference "Pages" */,
				56C8FE40240FDACF00E28FC5 /* XCRemoteSwiftPackageReference "SDWebImage" */,
				56C8FE45240FDAF800E28FC5 /* XCRemoteSwiftPackageReference "SDWebImageSwiftUI" */,
				565A6FFE2423E837006F4A4E /* XCRemoteSwiftPackageReference "OAuthSwift" */,
				569EF1882441C3F600598569 /* XCRemoteSwiftPackageReference "KeychainAccess" */,
				5635D1CB24C62A8F00CEC736 /* XCRemoteSwiftPackageReference "ChartView" */,
			);
			productRefGroup = 560E9F9E23D5DB5100A12CF5 /* Products */;
			projectDirPath = "";
			projectRoot = "";
			targets = (
				560E9F9C23D5DB5100A12CF5 /* iOS */,
				560E9FB523D5DB5600A12CF5 /* MakerlogTests */,
				560E9FC023D5DB5600A12CF5 /* MakerlogUITests */,
			);
		};
/* End PBXProject section */

/* Begin PBXResourcesBuildPhase section */
		560E9F9B23D5DB5100A12CF5 /* Resources */ = {
			isa = PBXResourcesBuildPhase;
			buildActionMask = 2147483647;
			files = (
				560E9FB023D5DB5600A12CF5 /* LaunchScreen.storyboard in Resources */,
				560E9FAD23D5DB5500A12CF5 /* Preview Assets.xcassets in Resources */,
				560E9FAA23D5DB5500A12CF5 /* Assets.xcassets in Resources */,
			);
			runOnlyForDeploymentPostprocessing = 0;
		};
		560E9FB423D5DB5600A12CF5 /* Resources */ = {
			isa = PBXResourcesBuildPhase;
			buildActionMask = 2147483647;
			files = (
			);
			runOnlyForDeploymentPostprocessing = 0;
		};
		560E9FBF23D5DB5600A12CF5 /* Resources */ = {
			isa = PBXResourcesBuildPhase;
			buildActionMask = 2147483647;
			files = (
			);
			runOnlyForDeploymentPostprocessing = 0;
		};
/* End PBXResourcesBuildPhase section */

/* Begin PBXShellScriptBuildPhase section */
		56682BD323E613E600EF2C5B /* Run Script */ = {
			isa = PBXShellScriptBuildPhase;
			buildActionMask = 2147483647;
			files = (
			);
			inputFileListPaths = (
			);
			inputPaths = (
			);
			name = "Run Script";
			outputFileListPaths = (
			);
			outputPaths = (
			);
			runOnlyForDeploymentPostprocessing = 0;
			shellPath = /bin/sh;
			shellScript = "# Type a script or drag a script file from your workspace to insert its path.\nif which swiftlint >/dev/null; then\n  swiftlint\nelse\n  echo \"warning: SwiftLint not installed, download from https://github.com/realm/SwiftLint\"\nfi\n";
		};
/* End PBXShellScriptBuildPhase section */

/* Begin PBXSourcesBuildPhase section */
		560E9F9923D5DB5100A12CF5 /* Sources */ = {
			isa = PBXSourcesBuildPhase;
			buildActionMask = 2147483647;
			files = (
				5670F30A23F5B4AB00B1D96E /* Discussions.swift in Sources */,
				5603487F24068AF40089FECD /* Products.swift in Sources */,
				56EEB54624043CB100522B8C /* Onboarding.swift in Sources */,
				567CD4AA24029171009B944F /* ApiModel.swift in Sources */,
				56034887240691890089FECD /* AddDiscussionView.swift in Sources */,
				5622AFB823FC1A7000CC1B76 /* LinkPreview.swift in Sources */,
				56D4E45E23E9CCA900679DD4 /* AddLogData.swift in Sources */,
				566F1C8223D8B99500518FFF /* LoginData.swift in Sources */,
				56D4E45C23E9C9C500679DD4 /* AddLogView.swift in Sources */,
				56EEB54824045F5A00522B8C /* SettingsView.swift in Sources */,
				56EEB54A2405257D00522B8C /* Imprint.swift in Sources */,
				5625896C24C0B028005FF75A /* UserTabView.swift in Sources */,
				566F1C8423D8BB0800518FFF /* FetchedObjectsViewModel.swift in Sources */,
				56045170244C6D0E005C7FCF /* ContactScreen.swift in Sources */,
				56EEB54C2405284400522B8C /* DataSecurity.swift in Sources */,
				566F1C7523D7977700518FFF /* CommentViewData.swift in Sources */,
				56C94A8823D6F9AA007840DB /* MakerlogAPI.swift in Sources */,
				566F1C8023D8A59B00518FFF /* LogViewData.swift in Sources */,
				560E9FA623D5DB5100A12CF5 /* Makerlog.xcdatamodeld in Sources */,
				56D4E45A23E9C26100679DD4 /* EventImg.swift in Sources */,
				567B8A8E23F7024600952D4C /* AddView.swift in Sources */,
				561A48DC23E31A990077A1D2 /* BulletinBoard.swift in Sources */,
				5670F30E23F5E21700B1D96E /* DiscussionResponse.swift in Sources */,
				560EFC9123EAF0DA00E0B172 /* NotificationsView.swift in Sources */,
				56EEB54E2405632900522B8C /* LoginScreen.swift in Sources */,
				56ADC48524144A940082930A /* logsSocket.swift in Sources */,
				56D4E46323EA072500679DD4 /* addBorder.swift in Sources */,
				560E9FA123D5DB5100A12CF5 /* AppDelegate.swift in Sources */,
				566F1C6823D7511700518FFF /* prductView.swift in Sources */,
				566F1C6623D73C9A00518FFF /* Projects.swift in Sources */,
				56034884240690D10089FECD /* ReplayView.swift in Sources */,
				561A48CF23E185FE0077A1D2 /* pulltorefresh.swift in Sources */,
				56D2C71523DF4BDB0017A7B4 /* User.swift in Sources */,
				5683E078240AFB3600A15518 /* UserStatsView.swift in Sources */,
				5622AFB623FBFC8B00CC1B76 /* progressImg.swift in Sources */,
				560E9FD423D5F23500A12CF5 /* Logs.swift in Sources */,
				56BE7B4623F0AA3B006EE3AF /* Praise.swift in Sources */,
				56682BD223E610D700EF2C5B /* UserView.swift in Sources */,
				566DF0D423DF01E50085C318 /* TabView.swift in Sources */,
				562065A3240E99DF0016B21D /* closeKeyboard.swift in Sources */,
				566F1C7323D7970300518FFF /* Comment.swift in Sources */,
				5605C91C24156C37009CB030 /* DiscussionSocket.swift in Sources */,
				5670F30C23F5BCE900B1D96E /* DiscussionsView.swift in Sources */,
				5670F31023F5E30500B1D96E /* DiscussionData.swift in Sources */,
				56682BCF23E5C88000EF2C5B /* logFeedItem.swift in Sources */,
				560E9FA823D5DB5100A12CF5 /* LogFeedView.swift in Sources */,
				5683E075240AFA2600A15518 /* UserStats.swift in Sources */,
				560E9FA323D5DB5100A12CF5 /* SceneDelegate.swift in Sources */,
				5635D1C824C5AAE800CEC736 /* TodayView.swift in Sources */,
				5635D1CA24C6162500CEC736 /* Archivments.swift in Sources */,
				566F1C6A23D7513800518FFF /* ProductViewData.swift in Sources */,
				567B8A9523F8895600952D4C /* logInteractive.swift in Sources */,
				56C1A29323EAE9A500A70718 /* LogViewMacOS.swift in Sources */,
				56C1A29123EAE99500A70718 /* LogFeedViewMacOS.swift in Sources */,
				56C94A8C23D6FBF5007840DB /* LogDetailView.swift in Sources */,
				560EFC9323EAF1F500E0B172 /* Notification.swift in Sources */,
				566F1C8623D8BBC800518FFF /* loginModel.swift in Sources */,
				5670F31223F5E45300B1D96E /* DiscussionsDetailView.swift in Sources */,
				56FD23AD2406BC8B00883C27 /* TabScreenData.swift in Sources */,
			);
			runOnlyForDeploymentPostprocessing = 0;
		};
		560E9FB223D5DB5600A12CF5 /* Sources */ = {
			isa = PBXSourcesBuildPhase;
			buildActionMask = 2147483647;
			files = (
				560E9FBB23D5DB5600A12CF5 /* MakerlogTests.swift in Sources */,
			);
			runOnlyForDeploymentPostprocessing = 0;
		};
		560E9FBD23D5DB5600A12CF5 /* Sources */ = {
			isa = PBXSourcesBuildPhase;
			buildActionMask = 2147483647;
			files = (
				560E9FC623D5DB5600A12CF5 /* MakerlogUITests.swift in Sources */,
			);
			runOnlyForDeploymentPostprocessing = 0;
		};
/* End PBXSourcesBuildPhase section */

/* Begin PBXTargetDependency section */
		560E9FB823D5DB5600A12CF5 /* PBXTargetDependency */ = {
			isa = PBXTargetDependency;
			target = 560E9F9C23D5DB5100A12CF5 /* iOS */;
			targetProxy = 560E9FB723D5DB5600A12CF5 /* PBXContainerItemProxy */;
		};
		560E9FC323D5DB5600A12CF5 /* PBXTargetDependency */ = {
			isa = PBXTargetDependency;
			target = 560E9F9C23D5DB5100A12CF5 /* iOS */;
			targetProxy = 560E9FC223D5DB5600A12CF5 /* PBXContainerItemProxy */;
		};
/* End PBXTargetDependency section */

/* Begin PBXVariantGroup section */
		560E9FAE23D5DB5600A12CF5 /* LaunchScreen.storyboard */ = {
			isa = PBXVariantGroup;
			children = (
				560E9FAF23D5DB5600A12CF5 /* Base */,
			);
			name = LaunchScreen.storyboard;
			sourceTree = "<group>";
		};
		56D4E47623EAB73900679DD4 /* Main.storyboard */ = {
			isa = PBXVariantGroup;
			children = (
				56D4E47723EAB73900679DD4 /* Base */,
			);
			name = Main.storyboard;
			sourceTree = "<group>";
		};
/* End PBXVariantGroup section */

/* Begin XCBuildConfiguration section */
		560E9FC823D5DB5600A12CF5 /* Debug */ = {
			isa = XCBuildConfiguration;
			buildSettings = {
				ALWAYS_SEARCH_USER_PATHS = NO;
				CLANG_ANALYZER_NONNULL = YES;
				CLANG_ANALYZER_NUMBER_OBJECT_CONVERSION = YES_AGGRESSIVE;
				CLANG_CXX_LANGUAGE_STANDARD = "gnu++14";
				CLANG_CXX_LIBRARY = "libc++";
				CLANG_ENABLE_MODULES = YES;
				CLANG_ENABLE_OBJC_ARC = YES;
				CLANG_ENABLE_OBJC_WEAK = YES;
				CLANG_WARN_BLOCK_CAPTURE_AUTORELEASING = YES;
				CLANG_WARN_BOOL_CONVERSION = YES;
				CLANG_WARN_COMMA = YES;
				CLANG_WARN_CONSTANT_CONVERSION = YES;
				CLANG_WARN_DEPRECATED_OBJC_IMPLEMENTATIONS = YES;
				CLANG_WARN_DIRECT_OBJC_ISA_USAGE = YES_ERROR;
				CLANG_WARN_DOCUMENTATION_COMMENTS = YES;
				CLANG_WARN_EMPTY_BODY = YES;
				CLANG_WARN_ENUM_CONVERSION = YES;
				CLANG_WARN_INFINITE_RECURSION = YES;
				CLANG_WARN_INT_CONVERSION = YES;
				CLANG_WARN_NON_LITERAL_NULL_CONVERSION = YES;
				CLANG_WARN_OBJC_IMPLICIT_RETAIN_SELF = YES;
				CLANG_WARN_OBJC_LITERAL_CONVERSION = YES;
				CLANG_WARN_OBJC_ROOT_CLASS = YES_ERROR;
				CLANG_WARN_QUOTED_INCLUDE_IN_FRAMEWORK_HEADER = YES;
				CLANG_WARN_RANGE_LOOP_ANALYSIS = YES;
				CLANG_WARN_STRICT_PROTOTYPES = YES;
				CLANG_WARN_SUSPICIOUS_MOVE = YES;
				CLANG_WARN_UNGUARDED_AVAILABILITY = YES_AGGRESSIVE;
				CLANG_WARN_UNREACHABLE_CODE = YES;
				CLANG_WARN__DUPLICATE_METHOD_MATCH = YES;
				COPY_PHASE_STRIP = NO;
				DEBUG_INFORMATION_FORMAT = dwarf;
				ENABLE_STRICT_OBJC_MSGSEND = YES;
				ENABLE_TESTABILITY = YES;
				GCC_C_LANGUAGE_STANDARD = gnu11;
				GCC_DYNAMIC_NO_PIC = NO;
				GCC_NO_COMMON_BLOCKS = YES;
				GCC_OPTIMIZATION_LEVEL = 0;
				GCC_PREPROCESSOR_DEFINITIONS = (
					"DEBUG=1",
					"$(inherited)",
				);
				GCC_WARN_64_TO_32_BIT_CONVERSION = YES;
				GCC_WARN_ABOUT_RETURN_TYPE = YES_ERROR;
				GCC_WARN_UNDECLARED_SELECTOR = YES;
				GCC_WARN_UNINITIALIZED_AUTOS = YES_AGGRESSIVE;
				GCC_WARN_UNUSED_FUNCTION = YES;
				GCC_WARN_UNUSED_VARIABLE = YES;
				IPHONEOS_DEPLOYMENT_TARGET = 13.0;
				MTL_ENABLE_DEBUG_INFO = INCLUDE_SOURCE;
				MTL_FAST_MATH = YES;
				ONLY_ACTIVE_ARCH = YES;
				SDKROOT = iphoneos;
				SWIFT_ACTIVE_COMPILATION_CONDITIONS = DEBUG;
				SWIFT_OPTIMIZATION_LEVEL = "-Onone";
			};
			name = Debug;
		};
		560E9FC923D5DB5600A12CF5 /* Release */ = {
			isa = XCBuildConfiguration;
			buildSettings = {
				ALWAYS_SEARCH_USER_PATHS = NO;
				CLANG_ANALYZER_NONNULL = YES;
				CLANG_ANALYZER_NUMBER_OBJECT_CONVERSION = YES_AGGRESSIVE;
				CLANG_CXX_LANGUAGE_STANDARD = "gnu++14";
				CLANG_CXX_LIBRARY = "libc++";
				CLANG_ENABLE_MODULES = YES;
				CLANG_ENABLE_OBJC_ARC = YES;
				CLANG_ENABLE_OBJC_WEAK = YES;
				CLANG_WARN_BLOCK_CAPTURE_AUTORELEASING = YES;
				CLANG_WARN_BOOL_CONVERSION = YES;
				CLANG_WARN_COMMA = YES;
				CLANG_WARN_CONSTANT_CONVERSION = YES;
				CLANG_WARN_DEPRECATED_OBJC_IMPLEMENTATIONS = YES;
				CLANG_WARN_DIRECT_OBJC_ISA_USAGE = YES_ERROR;
				CLANG_WARN_DOCUMENTATION_COMMENTS = YES;
				CLANG_WARN_EMPTY_BODY = YES;
				CLANG_WARN_ENUM_CONVERSION = YES;
				CLANG_WARN_INFINITE_RECURSION = YES;
				CLANG_WARN_INT_CONVERSION = YES;
				CLANG_WARN_NON_LITERAL_NULL_CONVERSION = YES;
				CLANG_WARN_OBJC_IMPLICIT_RETAIN_SELF = YES;
				CLANG_WARN_OBJC_LITERAL_CONVERSION = YES;
				CLANG_WARN_OBJC_ROOT_CLASS = YES_ERROR;
				CLANG_WARN_QUOTED_INCLUDE_IN_FRAMEWORK_HEADER = YES;
				CLANG_WARN_RANGE_LOOP_ANALYSIS = YES;
				CLANG_WARN_STRICT_PROTOTYPES = YES;
				CLANG_WARN_SUSPICIOUS_MOVE = YES;
				CLANG_WARN_UNGUARDED_AVAILABILITY = YES_AGGRESSIVE;
				CLANG_WARN_UNREACHABLE_CODE = YES;
				CLANG_WARN__DUPLICATE_METHOD_MATCH = YES;
				COPY_PHASE_STRIP = NO;
				DEBUG_INFORMATION_FORMAT = "dwarf-with-dsym";
				ENABLE_NS_ASSERTIONS = NO;
				ENABLE_STRICT_OBJC_MSGSEND = YES;
				GCC_C_LANGUAGE_STANDARD = gnu11;
				GCC_NO_COMMON_BLOCKS = YES;
				GCC_WARN_64_TO_32_BIT_CONVERSION = YES;
				GCC_WARN_ABOUT_RETURN_TYPE = YES_ERROR;
				GCC_WARN_UNDECLARED_SELECTOR = YES;
				GCC_WARN_UNINITIALIZED_AUTOS = YES_AGGRESSIVE;
				GCC_WARN_UNUSED_FUNCTION = YES;
				GCC_WARN_UNUSED_VARIABLE = YES;
				IPHONEOS_DEPLOYMENT_TARGET = 13.0;
				MTL_ENABLE_DEBUG_INFO = NO;
				MTL_FAST_MATH = YES;
				SDKROOT = iphoneos;
				SWIFT_COMPILATION_MODE = wholemodule;
				SWIFT_OPTIMIZATION_LEVEL = "-O";
				VALIDATE_PRODUCT = YES;
			};
			name = Release;
		};
		560E9FCB23D5DB5600A12CF5 /* Debug */ = {
			isa = XCBuildConfiguration;
			buildSettings = {
				ASSETCATALOG_COMPILER_APPICON_NAME = "AppIcon-neu";
				CODE_SIGN_ENTITLEMENTS = makerlog.entitlements;
				CODE_SIGN_STYLE = Automatic;
				CURRENT_PROJECT_VERSION = 2020.07.20;
				DEVELOPMENT_ASSET_PATHS = "\"Makerlog-iOS/Preview Content\"";
				DEVELOPMENT_TEAM = 7RPD69GC7T;
				ENABLE_PREVIEWS = YES;
				INFOPLIST_FILE = "Makerlog-iOS/Info.plist";
				IPHONEOS_DEPLOYMENT_TARGET = 13.0;
				LD_RUNPATH_SEARCH_PATHS = (
					"$(inherited)",
					"@executable_path/Frameworks",
				);
				MARKETING_VERSION = 1.1;
				PRODUCT_BUNDLE_IDENTIFIER = veit.dev.makerlog;
				PRODUCT_NAME = logbot;
				SUPPORTS_MACCATALYST = NO;
				SWIFT_VERSION = 5.0;
				TARGETED_DEVICE_FAMILY = "1,2";
			};
			name = Debug;
		};
		560E9FCC23D5DB5600A12CF5 /* Release */ = {
			isa = XCBuildConfiguration;
			buildSettings = {
				ASSETCATALOG_COMPILER_APPICON_NAME = "AppIcon-neu";
				CODE_SIGN_ENTITLEMENTS = makerlog.entitlements;
				CODE_SIGN_STYLE = Automatic;
				CURRENT_PROJECT_VERSION = 2020.07.20;
				DEVELOPMENT_ASSET_PATHS = "\"Makerlog-iOS/Preview Content\"";
				DEVELOPMENT_TEAM = 7RPD69GC7T;
				ENABLE_PREVIEWS = YES;
				INFOPLIST_FILE = "Makerlog-iOS/Info.plist";
				IPHONEOS_DEPLOYMENT_TARGET = 13.0;
				LD_RUNPATH_SEARCH_PATHS = (
					"$(inherited)",
					"@executable_path/Frameworks",
				);
				MARKETING_VERSION = 1.1;
				PRODUCT_BUNDLE_IDENTIFIER = veit.dev.makerlog;
				PRODUCT_NAME = logbot;
				SUPPORTS_MACCATALYST = NO;
				SWIFT_VERSION = 5.0;
				TARGETED_DEVICE_FAMILY = "1,2";
			};
			name = Release;
		};
		560E9FCE23D5DB5600A12CF5 /* Debug */ = {
			isa = XCBuildConfiguration;
			buildSettings = {
				ALWAYS_EMBED_SWIFT_STANDARD_LIBRARIES = YES;
				BUNDLE_LOADER = "$(TEST_HOST)";
				CODE_SIGN_STYLE = Automatic;
				INFOPLIST_FILE = MakerlogTests/Info.plist;
				IPHONEOS_DEPLOYMENT_TARGET = 13.2;
				LD_RUNPATH_SEARCH_PATHS = (
					"$(inherited)",
					"@executable_path/Frameworks",
					"@loader_path/Frameworks",
				);
				PRODUCT_BUNDLE_IDENTIFIER = veit.dev.MakerlogTests;
				PRODUCT_NAME = "$(TARGET_NAME)";
				SWIFT_VERSION = 5.0;
				TARGETED_DEVICE_FAMILY = "1,2";
				TEST_HOST = "$(BUILT_PRODUCTS_DIR)/logbot.app/logbot";
			};
			name = Debug;
		};
		560E9FCF23D5DB5600A12CF5 /* Release */ = {
			isa = XCBuildConfiguration;
			buildSettings = {
				ALWAYS_EMBED_SWIFT_STANDARD_LIBRARIES = YES;
				BUNDLE_LOADER = "$(TEST_HOST)";
				CODE_SIGN_STYLE = Automatic;
				INFOPLIST_FILE = MakerlogTests/Info.plist;
				IPHONEOS_DEPLOYMENT_TARGET = 13.2;
				LD_RUNPATH_SEARCH_PATHS = (
					"$(inherited)",
					"@executable_path/Frameworks",
					"@loader_path/Frameworks",
				);
				PRODUCT_BUNDLE_IDENTIFIER = veit.dev.MakerlogTests;
				PRODUCT_NAME = "$(TARGET_NAME)";
				SWIFT_VERSION = 5.0;
				TARGETED_DEVICE_FAMILY = "1,2";
				TEST_HOST = "$(BUILT_PRODUCTS_DIR)/logbot.app/logbot";
			};
			name = Release;
		};
		560E9FD123D5DB5600A12CF5 /* Debug */ = {
			isa = XCBuildConfiguration;
			buildSettings = {
				ALWAYS_EMBED_SWIFT_STANDARD_LIBRARIES = YES;
				CODE_SIGN_STYLE = Automatic;
				INFOPLIST_FILE = MakerlogUITests/Info.plist;
				IPHONEOS_DEPLOYMENT_TARGET = 13.0;
				LD_RUNPATH_SEARCH_PATHS = (
					"$(inherited)",
					"@executable_path/Frameworks",
					"@loader_path/Frameworks",
				);
				PRODUCT_BUNDLE_IDENTIFIER = veit.dev.MakerlogUITests;
				PRODUCT_NAME = "$(TARGET_NAME)";
				SWIFT_VERSION = 5.0;
				TARGETED_DEVICE_FAMILY = "1,2";
				TEST_TARGET_NAME = Makerlog;
			};
			name = Debug;
		};
		560E9FD223D5DB5600A12CF5 /* Release */ = {
			isa = XCBuildConfiguration;
			buildSettings = {
				ALWAYS_EMBED_SWIFT_STANDARD_LIBRARIES = YES;
				CODE_SIGN_STYLE = Automatic;
				INFOPLIST_FILE = MakerlogUITests/Info.plist;
				IPHONEOS_DEPLOYMENT_TARGET = 13.0;
				LD_RUNPATH_SEARCH_PATHS = (
					"$(inherited)",
					"@executable_path/Frameworks",
					"@loader_path/Frameworks",
				);
				PRODUCT_BUNDLE_IDENTIFIER = veit.dev.MakerlogUITests;
				PRODUCT_NAME = "$(TARGET_NAME)";
				SWIFT_VERSION = 5.0;
				TARGETED_DEVICE_FAMILY = "1,2";
				TEST_TARGET_NAME = Makerlog;
			};
			name = Release;
		};
/* End XCBuildConfiguration section */

/* Begin XCConfigurationList section */
		560E9F9823D5DB5100A12CF5 /* Build configuration list for PBXProject "Makerlog" */ = {
			isa = XCConfigurationList;
			buildConfigurations = (
				560E9FC823D5DB5600A12CF5 /* Debug */,
				560E9FC923D5DB5600A12CF5 /* Release */,
			);
			defaultConfigurationIsVisible = 0;
			defaultConfigurationName = Release;
		};
		560E9FCA23D5DB5600A12CF5 /* Build configuration list for PBXNativeTarget "iOS" */ = {
			isa = XCConfigurationList;
			buildConfigurations = (
				560E9FCB23D5DB5600A12CF5 /* Debug */,
				560E9FCC23D5DB5600A12CF5 /* Release */,
			);
			defaultConfigurationIsVisible = 0;
			defaultConfigurationName = Release;
		};
		560E9FCD23D5DB5600A12CF5 /* Build configuration list for PBXNativeTarget "MakerlogTests" */ = {
			isa = XCConfigurationList;
			buildConfigurations = (
				560E9FCE23D5DB5600A12CF5 /* Debug */,
				560E9FCF23D5DB5600A12CF5 /* Release */,
			);
			defaultConfigurationIsVisible = 0;
			defaultConfigurationName = Release;
		};
		560E9FD023D5DB5600A12CF5 /* Build configuration list for PBXNativeTarget "MakerlogUITests" */ = {
			isa = XCConfigurationList;
			buildConfigurations = (
				560E9FD123D5DB5600A12CF5 /* Debug */,
				560E9FD223D5DB5600A12CF5 /* Release */,
			);
			defaultConfigurationIsVisible = 0;
			defaultConfigurationName = Release;
		};
/* End XCConfigurationList section */

/* Begin XCRemoteSwiftPackageReference section */
		5635D1CB24C62A8F00CEC736 /* XCRemoteSwiftPackageReference "ChartView" */ = {
			isa = XCRemoteSwiftPackageReference;
			repositoryURL = "https://github.com/AppPear/ChartView";
			requirement = {
				kind = upToNextMajorVersion;
				minimumVersion = 1.5.3;
			};
		};
		565A6FFE2423E837006F4A4E /* XCRemoteSwiftPackageReference "OAuthSwift" */ = {
			isa = XCRemoteSwiftPackageReference;
			repositoryURL = "https://github.com/OAuthSwift/OAuthSwift";
			requirement = {
				kind = upToNextMajorVersion;
				minimumVersion = 2.1.0;
			};
		};
		569EF1882441C3F600598569 /* XCRemoteSwiftPackageReference "KeychainAccess" */ = {
			isa = XCRemoteSwiftPackageReference;
			repositoryURL = "https://github.com/kishikawakatsumi/KeychainAccess";
			requirement = {
				kind = upToNextMajorVersion;
				minimumVersion = 4.1.0;
			};
		};
		56BE7B2423EF1753006EE3AF /* XCRemoteSwiftPackageReference "KeyboardObserving" */ = {
			isa = XCRemoteSwiftPackageReference;
			repositoryURL = "https://github.com/nickffox/KeyboardObserving.git";
			requirement = {
				kind = upToNextMajorVersion;
				minimumVersion = 0.2.1;
			};
		};
		56C8FE40240FDACF00E28FC5 /* XCRemoteSwiftPackageReference "SDWebImage" */ = {
			isa = XCRemoteSwiftPackageReference;
			repositoryURL = "https://github.com/SDWebImage/SDWebImage";
			requirement = {
				branch = master;
				kind = branch;
			};
		};
		56C8FE45240FDAF800E28FC5 /* XCRemoteSwiftPackageReference "SDWebImageSwiftUI" */ = {
			isa = XCRemoteSwiftPackageReference;
			repositoryURL = "https://github.com/SDWebImage/SDWebImageSwiftUI";
			requirement = {
				kind = upToNextMajorVersion;
				minimumVersion = 1.0.0;
			};
		};
		56E3674523FAE0F600C69F8F /* XCRemoteSwiftPackageReference "SwiftUIX" */ = {
			isa = XCRemoteSwiftPackageReference;
			repositoryURL = "https://github.com/SwiftUIX/SwiftUIX.git";
			requirement = {
				branch = master;
				kind = branch;
			};
		};
		56EEB54224043C9600522B8C /* XCRemoteSwiftPackageReference "Pages" */ = {
			isa = XCRemoteSwiftPackageReference;
			repositoryURL = "https://github.com/nachonavarro/Pages";
			requirement = {
				kind = upToNextMajorVersion;
				minimumVersion = 0.1.3;
			};
		};
/* End XCRemoteSwiftPackageReference section */

/* Begin XCSwiftPackageProductDependency section */
		5635D1CC24C62A8F00CEC736 /* SwiftUICharts */ = {
			isa = XCSwiftPackageProductDependency;
			package = 5635D1CB24C62A8F00CEC736 /* XCRemoteSwiftPackageReference "ChartView" */;
			productName = SwiftUICharts;
		};
		565A6FFF2423E837006F4A4E /* OAuthSwift */ = {
			isa = XCSwiftPackageProductDependency;
			package = 565A6FFE2423E837006F4A4E /* XCRemoteSwiftPackageReference "OAuthSwift" */;
			productName = OAuthSwift;
		};
		569EF1892441C3F600598569 /* KeychainAccess */ = {
			isa = XCSwiftPackageProductDependency;
			package = 569EF1882441C3F600598569 /* XCRemoteSwiftPackageReference "KeychainAccess" */;
			productName = KeychainAccess;
		};
		56A2CCFF24A4F224003CD908 /* MDText */ = {
			isa = XCSwiftPackageProductDependency;
			productName = MDText;
		};
		56BE7B3A23EF4631006EE3AF /* KeyboardObserving */ = {
			isa = XCSwiftPackageProductDependency;
			package = 56BE7B2423EF1753006EE3AF /* XCRemoteSwiftPackageReference "KeyboardObserving" */;
			productName = KeyboardObserving;
		};
		56C8FE41240FDACF00E28FC5 /* SDWebImage */ = {
			isa = XCSwiftPackageProductDependency;
			package = 56C8FE40240FDACF00E28FC5 /* XCRemoteSwiftPackageReference "SDWebImage" */;
			productName = SDWebImage;
		};
		56C8FE43240FDACF00E28FC5 /* SDWebImageMapKit */ = {
			isa = XCSwiftPackageProductDependency;
			package = 56C8FE40240FDACF00E28FC5 /* XCRemoteSwiftPackageReference "SDWebImage" */;
			productName = SDWebImageMapKit;
		};
		56C8FE46240FDAF800E28FC5 /* SDWebImageSwiftUI */ = {
			isa = XCSwiftPackageProductDependency;
			package = 56C8FE45240FDAF800E28FC5 /* XCRemoteSwiftPackageReference "SDWebImageSwiftUI" */;
			productName = SDWebImageSwiftUI;
		};
		56E3674623FAE0F600C69F8F /* SwiftUIX */ = {
			isa = XCSwiftPackageProductDependency;
			package = 56E3674523FAE0F600C69F8F /* XCRemoteSwiftPackageReference "SwiftUIX" */;
			productName = SwiftUIX;
		};
		56EEB54324043C9600522B8C /* Pages */ = {
			isa = XCSwiftPackageProductDependency;
			package = 56EEB54224043C9600522B8C /* XCRemoteSwiftPackageReference "Pages" */;
			productName = Pages;
		};
/* End XCSwiftPackageProductDependency section */

/* Begin XCVersionGroup section */
		560E9FA423D5DB5100A12CF5 /* Makerlog.xcdatamodeld */ = {
			isa = XCVersionGroup;
			children = (
				560E9FA523D5DB5100A12CF5 /* Makerlog.xcdatamodel */,
			);
			currentVersion = 560E9FA523D5DB5100A12CF5 /* Makerlog.xcdatamodel */;
			path = Makerlog.xcdatamodeld;
			sourceTree = "<group>";
			versionGroupType = wrapper.xcdatamodel;
		};
		56D4E46E23EAB73600679DD4 /* makerlog_macOS.xcdatamodeld */ = {
			isa = XCVersionGroup;
			children = (
				56D4E46F23EAB73600679DD4 /* makerlog_macOS.xcdatamodel */,
			);
			currentVersion = 56D4E46F23EAB73600679DD4 /* makerlog_macOS.xcdatamodel */;
			path = makerlog_macOS.xcdatamodeld;
			sourceTree = "<group>";
			versionGroupType = wrapper.xcdatamodel;
		};
/* End XCVersionGroup section */
	};
	rootObject = 560E9F9523D5DB5100A12CF5 /* Project object */;
}
